// !$*UTF8*$!
{
	archiveVersion = 1;
	classes = {
	};
	objectVersion = 46;
	objects = {

/* Begin PBXBuildFile section */
		D9C3F4191782346E00BABC9A /* aasincos.c in Sources */ = {isa = PBXBuildFile; fileRef = D9C3F36E1782346E00BABC9A /* aasincos.c */; };
		D9C3F41A1782346E00BABC9A /* adjlon.c in Sources */ = {isa = PBXBuildFile; fileRef = D9C3F36F1782346E00BABC9A /* adjlon.c */; };
		D9C3F41B1782346E00BABC9A /* bch2bps.c in Sources */ = {isa = PBXBuildFile; fileRef = D9C3F3701782346E00BABC9A /* bch2bps.c */; };
		D9C3F41C1782346E00BABC9A /* bchgen.c in Sources */ = {isa = PBXBuildFile; fileRef = D9C3F3711782346E00BABC9A /* bchgen.c */; };
		D9C3F41D1782346E00BABC9A /* biveval.c in Sources */ = {isa = PBXBuildFile; fileRef = D9C3F3721782346E00BABC9A /* biveval.c */; };
		D9C3F41F1782346E00BABC9A /* dmstor.c in Sources */ = {isa = PBXBuildFile; fileRef = D9C3F3741782346E00BABC9A /* dmstor.c */; };
		D9C3F4201782346E00BABC9A /* emess.c in Sources */ = {isa = PBXBuildFile; fileRef = D9C3F3751782346E00BABC9A /* emess.c */; };
		D9C3F4211782346E00BABC9A /* emess.h in Headers */ = {isa = PBXBuildFile; fileRef = D9C3F3761782346E00BABC9A /* emess.h */; };
		D9C3F4221782346E00BABC9A /* gen_cheb.c in Sources */ = {isa = PBXBuildFile; fileRef = D9C3F3771782346E00BABC9A /* gen_cheb.c */; };
		D9C3F4231782346E00BABC9A /* geocent.c in Sources */ = {isa = PBXBuildFile; fileRef = D9C3F3781782346E00BABC9A /* geocent.c */; };
		D9C3F4241782346E00BABC9A /* geocent.h in Headers */ = {isa = PBXBuildFile; fileRef = D9C3F3791782346E00BABC9A /* geocent.h */; };
		D9C3F4251782346E00BABC9A /* geod_for.c in Sources */ = {isa = PBXBuildFile; fileRef = D9C3F37A1782346E00BABC9A /* geod_for.c */; };
		D9C3F4261782346E00BABC9A /* geod_inv.c in Sources */ = {isa = PBXBuildFile; fileRef = D9C3F37B1782346E00BABC9A /* geod_inv.c */; };
		D9C3F4271782346E00BABC9A /* geod_set.c in Sources */ = {isa = PBXBuildFile; fileRef = D9C3F37C1782346E00BABC9A /* geod_set.c */; };
		D9C3F4291782346E00BABC9A /* geodesic.h in Headers */ = {isa = PBXBuildFile; fileRef = D9C3F37E1782346E00BABC9A /* geodesic.h */; };
		D9C3F42A1782346E00BABC9A /* jniproj.c in Sources */ = {isa = PBXBuildFile; fileRef = D9C3F37F1782346E00BABC9A /* jniproj.c */; };
		D9C3F42B1782346E00BABC9A /* mk_cheby.c in Sources */ = {isa = PBXBuildFile; fileRef = D9C3F3831782346E00BABC9A /* mk_cheby.c */; };
		D9C3F42D1782346E00BABC9A /* nad_cvt.c in Sources */ = {isa = PBXBuildFile; fileRef = D9C3F3851782346E00BABC9A /* nad_cvt.c */; };
		D9C3F42E1782346E00BABC9A /* nad_init.c in Sources */ = {isa = PBXBuildFile; fileRef = D9C3F3861782346E00BABC9A /* nad_init.c */; };
		D9C3F42F1782346E00BABC9A /* nad_intr.c in Sources */ = {isa = PBXBuildFile; fileRef = D9C3F3871782346E00BABC9A /* nad_intr.c */; };
		D9C3F4311782346E00BABC9A /* org_proj4_Projections.h in Headers */ = {isa = PBXBuildFile; fileRef = D9C3F3891782346E00BABC9A /* org_proj4_Projections.h */; };
		D9C3F4321782346E00BABC9A /* p_series.c in Sources */ = {isa = PBXBuildFile; fileRef = D9C3F38A1782346E00BABC9A /* p_series.c */; };
		D9C3F4331782346E00BABC9A /* PJ_aea.c in Sources */ = {isa = PBXBuildFile; fileRef = D9C3F38B1782346E00BABC9A /* PJ_aea.c */; };
		D9C3F4341782346E00BABC9A /* PJ_aeqd.c in Sources */ = {isa = PBXBuildFile; fileRef = D9C3F38C1782346E00BABC9A /* PJ_aeqd.c */; };
		D9C3F4351782346E00BABC9A /* PJ_airy.c in Sources */ = {isa = PBXBuildFile; fileRef = D9C3F38D1782346E00BABC9A /* PJ_airy.c */; };
		D9C3F4361782346E00BABC9A /* PJ_aitoff.c in Sources */ = {isa = PBXBuildFile; fileRef = D9C3F38E1782346E00BABC9A /* PJ_aitoff.c */; };
		D9C3F4371782346E00BABC9A /* pj_apply_gridshift.c in Sources */ = {isa = PBXBuildFile; fileRef = D9C3F38F1782346E00BABC9A /* pj_apply_gridshift.c */; };
		D9C3F4381782346E00BABC9A /* pj_apply_vgridshift.c in Sources */ = {isa = PBXBuildFile; fileRef = D9C3F3901782346E00BABC9A /* pj_apply_vgridshift.c */; };
		D9C3F4391782346E00BABC9A /* PJ_august.c in Sources */ = {isa = PBXBuildFile; fileRef = D9C3F3911782346E00BABC9A /* PJ_august.c */; };
		D9C3F43A1782346E00BABC9A /* pj_auth.c in Sources */ = {isa = PBXBuildFile; fileRef = D9C3F3921782346E00BABC9A /* pj_auth.c */; };
		D9C3F43B1782346E00BABC9A /* PJ_bacon.c in Sources */ = {isa = PBXBuildFile; fileRef = D9C3F3931782346E00BABC9A /* PJ_bacon.c */; };
		D9C3F43C1782346E00BABC9A /* PJ_bipc.c in Sources */ = {isa = PBXBuildFile; fileRef = D9C3F3941782346E00BABC9A /* PJ_bipc.c */; };
		D9C3F43D1782346E00BABC9A /* PJ_boggs.c in Sources */ = {isa = PBXBuildFile; fileRef = D9C3F3951782346E00BABC9A /* PJ_boggs.c */; };
		D9C3F43E1782346E00BABC9A /* PJ_bonne.c in Sources */ = {isa = PBXBuildFile; fileRef = D9C3F3961782346E00BABC9A /* PJ_bonne.c */; };
		D9C3F43F1782346E00BABC9A /* PJ_cass.c in Sources */ = {isa = PBXBuildFile; fileRef = D9C3F3971782346E00BABC9A /* PJ_cass.c */; };
		D9C3F4401782346E00BABC9A /* PJ_cc.c in Sources */ = {isa = PBXBuildFile; fileRef = D9C3F3981782346E00BABC9A /* PJ_cc.c */; };
		D9C3F4411782346E00BABC9A /* PJ_cea.c in Sources */ = {isa = PBXBuildFile; fileRef = D9C3F3991782346E00BABC9A /* PJ_cea.c */; };
		D9C3F4421782346E00BABC9A /* PJ_chamb.c in Sources */ = {isa = PBXBuildFile; fileRef = D9C3F39A1782346E00BABC9A /* PJ_chamb.c */; };
		D9C3F4431782346E00BABC9A /* PJ_collg.c in Sources */ = {isa = PBXBuildFile; fileRef = D9C3F39B1782346E00BABC9A /* PJ_collg.c */; };
		D9C3F4441782346E00BABC9A /* PJ_crast.c in Sources */ = {isa = PBXBuildFile; fileRef = D9C3F39C1782346E00BABC9A /* PJ_crast.c */; };
		D9C3F4451782346E00BABC9A /* pj_ctx.c in Sources */ = {isa = PBXBuildFile; fileRef = D9C3F39D1782346E00BABC9A /* pj_ctx.c */; };
		D9C3F4461782346E00BABC9A /* pj_datum_set.c in Sources */ = {isa = PBXBuildFile; fileRef = D9C3F39E1782346E00BABC9A /* pj_datum_set.c */; };
		D9C3F4471782346E00BABC9A /* pj_datums.c in Sources */ = {isa = PBXBuildFile; fileRef = D9C3F39F1782346E00BABC9A /* pj_datums.c */; };
		D9C3F4481782346E00BABC9A /* PJ_denoy.c in Sources */ = {isa = PBXBuildFile; fileRef = D9C3F3A01782346E00BABC9A /* PJ_denoy.c */; };
		D9C3F4491782346E00BABC9A /* pj_deriv.c in Sources */ = {isa = PBXBuildFile; fileRef = D9C3F3A11782346E00BABC9A /* pj_deriv.c */; };
		D9C3F44A1782346E00BABC9A /* PJ_eck1.c in Sources */ = {isa = PBXBuildFile; fileRef = D9C3F3A21782346E00BABC9A /* PJ_eck1.c */; };
		D9C3F44B1782346E00BABC9A /* PJ_eck2.c in Sources */ = {isa = PBXBuildFile; fileRef = D9C3F3A31782346E00BABC9A /* PJ_eck2.c */; };
		D9C3F44C1782346E00BABC9A /* PJ_eck3.c in Sources */ = {isa = PBXBuildFile; fileRef = D9C3F3A41782346E00BABC9A /* PJ_eck3.c */; };
		D9C3F44D1782346E00BABC9A /* PJ_eck4.c in Sources */ = {isa = PBXBuildFile; fileRef = D9C3F3A51782346E00BABC9A /* PJ_eck4.c */; };
		D9C3F44E1782346E00BABC9A /* PJ_eck5.c in Sources */ = {isa = PBXBuildFile; fileRef = D9C3F3A61782346E00BABC9A /* PJ_eck5.c */; };
		D9C3F44F1782346E00BABC9A /* pj_ell_set.c in Sources */ = {isa = PBXBuildFile; fileRef = D9C3F3A71782346E00BABC9A /* pj_ell_set.c */; };
		D9C3F4501782346E00BABC9A /* pj_ellps.c in Sources */ = {isa = PBXBuildFile; fileRef = D9C3F3A81782346E00BABC9A /* pj_ellps.c */; };
		D9C3F4511782346E00BABC9A /* PJ_eqc.c in Sources */ = {isa = PBXBuildFile; fileRef = D9C3F3A91782346E00BABC9A /* PJ_eqc.c */; };
		D9C3F4521782346E00BABC9A /* PJ_eqdc.c in Sources */ = {isa = PBXBuildFile; fileRef = D9C3F3AA1782346E00BABC9A /* PJ_eqdc.c */; };
		D9C3F4531782346E00BABC9A /* pj_errno.c in Sources */ = {isa = PBXBuildFile; fileRef = D9C3F3AB1782346E00BABC9A /* pj_errno.c */; };
		D9C3F4541782346E00BABC9A /* pj_factors.c in Sources */ = {isa = PBXBuildFile; fileRef = D9C3F3AC1782346E00BABC9A /* pj_factors.c */; };
		D9C3F4551782346E00BABC9A /* PJ_fahey.c in Sources */ = {isa = PBXBuildFile; fileRef = D9C3F3AD1782346E00BABC9A /* PJ_fahey.c */; };
		D9C3F4561782346E00BABC9A /* PJ_fouc_s.c in Sources */ = {isa = PBXBuildFile; fileRef = D9C3F3AE1782346E00BABC9A /* PJ_fouc_s.c */; };
		D9C3F4571782346E00BABC9A /* pj_fwd.c in Sources */ = {isa = PBXBuildFile; fileRef = D9C3F3AF1782346E00BABC9A /* pj_fwd.c */; };
		D9C3F4581782346E00BABC9A /* PJ_gall.c in Sources */ = {isa = PBXBuildFile; fileRef = D9C3F3B01782346E00BABC9A /* PJ_gall.c */; };
		D9C3F4591782346E00BABC9A /* pj_gauss.c in Sources */ = {isa = PBXBuildFile; fileRef = D9C3F3B11782346E00BABC9A /* pj_gauss.c */; };
		D9C3F45A1782346E00BABC9A /* pj_geocent.c in Sources */ = {isa = PBXBuildFile; fileRef = D9C3F3B21782346E00BABC9A /* pj_geocent.c */; };
		D9C3F45B1782346E00BABC9A /* PJ_geos.c in Sources */ = {isa = PBXBuildFile; fileRef = D9C3F3B31782346E00BABC9A /* PJ_geos.c */; };
		D9C3F45C1782346E00BABC9A /* PJ_gins8.c in Sources */ = {isa = PBXBuildFile; fileRef = D9C3F3B41782346E00BABC9A /* PJ_gins8.c */; };
		D9C3F45D1782346E00BABC9A /* PJ_gn_sinu.c in Sources */ = {isa = PBXBuildFile; fileRef = D9C3F3B51782346E00BABC9A /* PJ_gn_sinu.c */; };
		D9C3F45E1782346E00BABC9A /* PJ_gnom.c in Sources */ = {isa = PBXBuildFile; fileRef = D9C3F3B61782346E00BABC9A /* PJ_gnom.c */; };
		D9C3F45F1782346E00BABC9A /* PJ_goode.c in Sources */ = {isa = PBXBuildFile; fileRef = D9C3F3B71782346E00BABC9A /* PJ_goode.c */; };
		D9C3F4601782346E00BABC9A /* pj_gridinfo.c in Sources */ = {isa = PBXBuildFile; fileRef = D9C3F3B81782346E00BABC9A /* pj_gridinfo.c */; };
		D9C3F4611782346E00BABC9A /* pj_gridlist.c in Sources */ = {isa = PBXBuildFile; fileRef = D9C3F3B91782346E00BABC9A /* pj_gridlist.c */; };
		D9C3F4621782346E00BABC9A /* PJ_gstmerc.c in Sources */ = {isa = PBXBuildFile; fileRef = D9C3F3BA1782346E00BABC9A /* PJ_gstmerc.c */; };
		D9C3F4631782346E00BABC9A /* PJ_hammer.c in Sources */ = {isa = PBXBuildFile; fileRef = D9C3F3BB1782346E00BABC9A /* PJ_hammer.c */; };
		D9C3F4641782346E00BABC9A /* PJ_hatano.c in Sources */ = {isa = PBXBuildFile; fileRef = D9C3F3BC1782346E00BABC9A /* PJ_hatano.c */; };
		D9C3F4651782346E00BABC9A /* PJ_healpix.c in Sources */ = {isa = PBXBuildFile; fileRef = D9C3F3BD1782346E00BABC9A /* PJ_healpix.c */; };
		D9C3F4661782346E00BABC9A /* PJ_igh.c in Sources */ = {isa = PBXBuildFile; fileRef = D9C3F3BE1782346E00BABC9A /* PJ_igh.c */; };
		D9C3F4671782346E00BABC9A /* PJ_imw_p.c in Sources */ = {isa = PBXBuildFile; fileRef = D9C3F3BF1782346E00BABC9A /* PJ_imw_p.c */; };
		D9C3F4681782346E00BABC9A /* pj_init.c in Sources */ = {isa = PBXBuildFile; fileRef = D9C3F3C01782346E00BABC9A /* pj_init.c */; };
		D9C3F4691782346E00BABC9A /* pj_initcache.c in Sources */ = {isa = PBXBuildFile; fileRef = D9C3F3C11782346E00BABC9A /* pj_initcache.c */; };
		D9C3F46A1782346E00BABC9A /* pj_inv.c in Sources */ = {isa = PBXBuildFile; fileRef = D9C3F3C21782346E00BABC9A /* pj_inv.c */; };
		D9C3F46B1782346E00BABC9A /* PJ_isea.c in Sources */ = {isa = PBXBuildFile; fileRef = D9C3F3C31782346E00BABC9A /* PJ_isea.c */; };
		D9C3F46C1782346E00BABC9A /* PJ_krovak.c in Sources */ = {isa = PBXBuildFile; fileRef = D9C3F3C41782346E00BABC9A /* PJ_krovak.c */; };
		D9C3F46D1782346E00BABC9A /* PJ_labrd.c in Sources */ = {isa = PBXBuildFile; fileRef = D9C3F3C51782346E00BABC9A /* PJ_labrd.c */; };
		D9C3F46E1782346E00BABC9A /* PJ_laea.c in Sources */ = {isa = PBXBuildFile; fileRef = D9C3F3C61782346E00BABC9A /* PJ_laea.c */; };
		D9C3F46F1782346E00BABC9A /* PJ_lagrng.c in Sources */ = {isa = PBXBuildFile; fileRef = D9C3F3C71782346E00BABC9A /* PJ_lagrng.c */; };
		D9C3F4701782346E00BABC9A /* PJ_larr.c in Sources */ = {isa = PBXBuildFile; fileRef = D9C3F3C81782346E00BABC9A /* PJ_larr.c */; };
		D9C3F4711782346E00BABC9A /* PJ_lask.c in Sources */ = {isa = PBXBuildFile; fileRef = D9C3F3C91782346E00BABC9A /* PJ_lask.c */; };
		D9C3F4721782346E00BABC9A /* pj_latlong.c in Sources */ = {isa = PBXBuildFile; fileRef = D9C3F3CA1782346E00BABC9A /* pj_latlong.c */; };
		D9C3F4731782346E00BABC9A /* PJ_lcc.c in Sources */ = {isa = PBXBuildFile; fileRef = D9C3F3CB1782346E00BABC9A /* PJ_lcc.c */; };
		D9C3F4741782346E00BABC9A /* PJ_lcca.c in Sources */ = {isa = PBXBuildFile; fileRef = D9C3F3CC1782346E00BABC9A /* PJ_lcca.c */; };
		D9C3F4751782346E00BABC9A /* pj_list.c in Sources */ = {isa = PBXBuildFile; fileRef = D9C3F3CD1782346E00BABC9A /* pj_list.c */; };
		D9C3F4761782346E00BABC9A /* pj_list.h in Headers */ = {isa = PBXBuildFile; fileRef = D9C3F3CE1782346E00BABC9A /* pj_list.h */; };
		D9C3F4771782346E00BABC9A /* pj_log.c in Sources */ = {isa = PBXBuildFile; fileRef = D9C3F3CF1782346E00BABC9A /* pj_log.c */; };
		D9C3F4781782346E00BABC9A /* PJ_loxim.c in Sources */ = {isa = PBXBuildFile; fileRef = D9C3F3D01782346E00BABC9A /* PJ_loxim.c */; };
		D9C3F4791782346E00BABC9A /* PJ_lsat.c in Sources */ = {isa = PBXBuildFile; fileRef = D9C3F3D11782346E00BABC9A /* PJ_lsat.c */; };
		D9C3F47A1782346E00BABC9A /* pj_malloc.c in Sources */ = {isa = PBXBuildFile; fileRef = D9C3F3D21782346E00BABC9A /* pj_malloc.c */; };
		D9C3F47B1782346E00BABC9A /* PJ_mbt_fps.c in Sources */ = {isa = PBXBuildFile; fileRef = D9C3F3D31782346E00BABC9A /* PJ_mbt_fps.c */; };
		D9C3F47C1782346E00BABC9A /* PJ_mbtfpp.c in Sources */ = {isa = PBXBuildFile; fileRef = D9C3F3D41782346E00BABC9A /* PJ_mbtfpp.c */; };
		D9C3F47D1782346E00BABC9A /* PJ_mbtfpq.c in Sources */ = {isa = PBXBuildFile; fileRef = D9C3F3D51782346E00BABC9A /* PJ_mbtfpq.c */; };
		D9C3F47E1782346E00BABC9A /* PJ_merc.c in Sources */ = {isa = PBXBuildFile; fileRef = D9C3F3D61782346E00BABC9A /* PJ_merc.c */; };
		D9C3F47F1782346E00BABC9A /* PJ_mill.c in Sources */ = {isa = PBXBuildFile; fileRef = D9C3F3D71782346E00BABC9A /* PJ_mill.c */; };
		D9C3F4801782346E00BABC9A /* pj_mlfn.c in Sources */ = {isa = PBXBuildFile; fileRef = D9C3F3D81782346E00BABC9A /* pj_mlfn.c */; };
		D9C3F4811782346E00BABC9A /* PJ_mod_ster.c in Sources */ = {isa = PBXBuildFile; fileRef = D9C3F3D91782346E00BABC9A /* PJ_mod_ster.c */; };
		D9C3F4821782346E00BABC9A /* PJ_moll.c in Sources */ = {isa = PBXBuildFile; fileRef = D9C3F3DA1782346E00BABC9A /* PJ_moll.c */; };
		D9C3F4831782346E00BABC9A /* pj_msfn.c in Sources */ = {isa = PBXBuildFile; fileRef = D9C3F3DB1782346E00BABC9A /* pj_msfn.c */; };
		D9C3F4841782346E00BABC9A /* pj_mutex.c in Sources */ = {isa = PBXBuildFile; fileRef = D9C3F3DC1782346E00BABC9A /* pj_mutex.c */; };
		D9C3F4851782346E00BABC9A /* PJ_natearth.c in Sources */ = {isa = PBXBuildFile; fileRef = D9C3F3DD1782346E00BABC9A /* PJ_natearth.c */; };
		D9C3F4861782346E00BABC9A /* PJ_nell_h.c in Sources */ = {isa = PBXBuildFile; fileRef = D9C3F3DE1782346E00BABC9A /* PJ_nell_h.c */; };
		D9C3F4871782346E00BABC9A /* PJ_nell.c in Sources */ = {isa = PBXBuildFile; fileRef = D9C3F3DF1782346E00BABC9A /* PJ_nell.c */; };
		D9C3F4881782346E00BABC9A /* PJ_nocol.c in Sources */ = {isa = PBXBuildFile; fileRef = D9C3F3E01782346E00BABC9A /* PJ_nocol.c */; };
		D9C3F4891782346E00BABC9A /* PJ_nsper.c in Sources */ = {isa = PBXBuildFile; fileRef = D9C3F3E11782346E00BABC9A /* PJ_nsper.c */; };
		D9C3F48A1782346E00BABC9A /* PJ_nzmg.c in Sources */ = {isa = PBXBuildFile; fileRef = D9C3F3E21782346E00BABC9A /* PJ_nzmg.c */; };
		D9C3F48B1782346E00BABC9A /* PJ_ob_tran.c in Sources */ = {isa = PBXBuildFile; fileRef = D9C3F3E31782346E00BABC9A /* PJ_ob_tran.c */; };
		D9C3F48C1782346E00BABC9A /* PJ_ocea.c in Sources */ = {isa = PBXBuildFile; fileRef = D9C3F3E41782346E00BABC9A /* PJ_ocea.c */; };
		D9C3F48D1782346E00BABC9A /* PJ_oea.c in Sources */ = {isa = PBXBuildFile; fileRef = D9C3F3E51782346E00BABC9A /* PJ_oea.c */; };
		D9C3F48E1782346E00BABC9A /* PJ_omerc.c in Sources */ = {isa = PBXBuildFile; fileRef = D9C3F3E61782346E00BABC9A /* PJ_omerc.c */; };
		D9C3F48F1782346E00BABC9A /* pj_open_lib.c in Sources */ = {isa = PBXBuildFile; fileRef = D9C3F3E71782346E00BABC9A /* pj_open_lib.c */; };
		D9C3F4901782346E00BABC9A /* PJ_ortho.c in Sources */ = {isa = PBXBuildFile; fileRef = D9C3F3E81782346E00BABC9A /* PJ_ortho.c */; };
		D9C3F4911782346E00BABC9A /* pj_param.c in Sources */ = {isa = PBXBuildFile; fileRef = D9C3F3E91782346E00BABC9A /* pj_param.c */; };
		D9C3F4921782346E00BABC9A /* pj_phi2.c in Sources */ = {isa = PBXBuildFile; fileRef = D9C3F3EA1782346E00BABC9A /* pj_phi2.c */; };
		D9C3F4931782346E00BABC9A /* PJ_poly.c in Sources */ = {isa = PBXBuildFile; fileRef = D9C3F3EB1782346E00BABC9A /* PJ_poly.c */; };
		D9C3F4941782346E00BABC9A /* pj_pr_list.c in Sources */ = {isa = PBXBuildFile; fileRef = D9C3F3EC1782346E00BABC9A /* pj_pr_list.c */; };
		D9C3F4951782346E00BABC9A /* PJ_putp2.c in Sources */ = {isa = PBXBuildFile; fileRef = D9C3F3ED1782346E00BABC9A /* PJ_putp2.c */; };
		D9C3F4961782346E00BABC9A /* PJ_putp3.c in Sources */ = {isa = PBXBuildFile; fileRef = D9C3F3EE1782346E00BABC9A /* PJ_putp3.c */; };
		D9C3F4971782346E00BABC9A /* PJ_putp4p.c in Sources */ = {isa = PBXBuildFile; fileRef = D9C3F3EF1782346E00BABC9A /* PJ_putp4p.c */; };
		D9C3F4981782346E00BABC9A /* PJ_putp5.c in Sources */ = {isa = PBXBuildFile; fileRef = D9C3F3F01782346E00BABC9A /* PJ_putp5.c */; };
		D9C3F4991782346E00BABC9A /* PJ_putp6.c in Sources */ = {isa = PBXBuildFile; fileRef = D9C3F3F11782346E00BABC9A /* PJ_putp6.c */; };
		D9C3F49A1782346E00BABC9A /* pj_qsfn.c in Sources */ = {isa = PBXBuildFile; fileRef = D9C3F3F21782346E00BABC9A /* pj_qsfn.c */; };
		D9C3F49B1782346E00BABC9A /* pj_release.c in Sources */ = {isa = PBXBuildFile; fileRef = D9C3F3F31782346E00BABC9A /* pj_release.c */; };
		D9C3F49C1782346E00BABC9A /* PJ_robin.c in Sources */ = {isa = PBXBuildFile; fileRef = D9C3F3F41782346E00BABC9A /* PJ_robin.c */; };
		D9C3F49D1782346E00BABC9A /* PJ_rpoly.c in Sources */ = {isa = PBXBuildFile; fileRef = D9C3F3F51782346E00BABC9A /* PJ_rpoly.c */; };
		D9C3F49E1782346E00BABC9A /* PJ_sconics.c in Sources */ = {isa = PBXBuildFile; fileRef = D9C3F3F61782346E00BABC9A /* PJ_sconics.c */; };
		D9C3F49F1782346E00BABC9A /* PJ_somerc.c in Sources */ = {isa = PBXBuildFile; fileRef = D9C3F3F71782346E00BABC9A /* PJ_somerc.c */; };
		D9C3F4A01782346E00BABC9A /* PJ_stere.c in Sources */ = {isa = PBXBuildFile; fileRef = D9C3F3F81782346E00BABC9A /* PJ_stere.c */; };
		D9C3F4A11782346E00BABC9A /* PJ_sterea.c in Sources */ = {isa = PBXBuildFile; fileRef = D9C3F3F91782346E00BABC9A /* PJ_sterea.c */; };
		D9C3F4A21782346E00BABC9A /* pj_strerrno.c in Sources */ = {isa = PBXBuildFile; fileRef = D9C3F3FA1782346E00BABC9A /* pj_strerrno.c */; };
		D9C3F4A31782346E00BABC9A /* PJ_sts.c in Sources */ = {isa = PBXBuildFile; fileRef = D9C3F3FB1782346E00BABC9A /* PJ_sts.c */; };
		D9C3F4A41782346E00BABC9A /* PJ_tcc.c in Sources */ = {isa = PBXBuildFile; fileRef = D9C3F3FC1782346E00BABC9A /* PJ_tcc.c */; };
		D9C3F4A51782346E00BABC9A /* PJ_tcea.c in Sources */ = {isa = PBXBuildFile; fileRef = D9C3F3FD1782346E00BABC9A /* PJ_tcea.c */; };
		D9C3F4A61782346E00BABC9A /* PJ_tmerc.c in Sources */ = {isa = PBXBuildFile; fileRef = D9C3F3FE1782346E00BABC9A /* PJ_tmerc.c */; };
		D9C3F4A71782346E00BABC9A /* PJ_tpeqd.c in Sources */ = {isa = PBXBuildFile; fileRef = D9C3F3FF1782346E00BABC9A /* PJ_tpeqd.c */; };
		D9C3F4A81782346E00BABC9A /* pj_transform.c in Sources */ = {isa = PBXBuildFile; fileRef = D9C3F4001782346E00BABC9A /* pj_transform.c */; };
		D9C3F4A91782346E00BABC9A /* pj_tsfn.c in Sources */ = {isa = PBXBuildFile; fileRef = D9C3F4011782346E00BABC9A /* pj_tsfn.c */; };
		D9C3F4AA1782346E00BABC9A /* pj_units.c in Sources */ = {isa = PBXBuildFile; fileRef = D9C3F4021782346E00BABC9A /* pj_units.c */; };
		D9C3F4AB1782346E00BABC9A /* PJ_urm5.c in Sources */ = {isa = PBXBuildFile; fileRef = D9C3F4031782346E00BABC9A /* PJ_urm5.c */; };
		D9C3F4AC1782346E00BABC9A /* PJ_urmfps.c in Sources */ = {isa = PBXBuildFile; fileRef = D9C3F4041782346E00BABC9A /* PJ_urmfps.c */; };
		D9C3F4AD1782346E00BABC9A /* pj_utils.c in Sources */ = {isa = PBXBuildFile; fileRef = D9C3F4051782346E00BABC9A /* pj_utils.c */; };
		D9C3F4AE1782346E00BABC9A /* PJ_vandg.c in Sources */ = {isa = PBXBuildFile; fileRef = D9C3F4061782346E00BABC9A /* PJ_vandg.c */; };
		D9C3F4AF1782346E00BABC9A /* PJ_vandg2.c in Sources */ = {isa = PBXBuildFile; fileRef = D9C3F4071782346E00BABC9A /* PJ_vandg2.c */; };
		D9C3F4B01782346E00BABC9A /* PJ_vandg4.c in Sources */ = {isa = PBXBuildFile; fileRef = D9C3F4081782346E00BABC9A /* PJ_vandg4.c */; };
		D9C3F4B11782346E00BABC9A /* PJ_wag2.c in Sources */ = {isa = PBXBuildFile; fileRef = D9C3F4091782346E00BABC9A /* PJ_wag2.c */; };
		D9C3F4B21782346E00BABC9A /* PJ_wag3.c in Sources */ = {isa = PBXBuildFile; fileRef = D9C3F40A1782346E00BABC9A /* PJ_wag3.c */; };
		D9C3F4B31782346E00BABC9A /* PJ_wag7.c in Sources */ = {isa = PBXBuildFile; fileRef = D9C3F40B1782346E00BABC9A /* PJ_wag7.c */; };
		D9C3F4B41782346E00BABC9A /* PJ_wink1.c in Sources */ = {isa = PBXBuildFile; fileRef = D9C3F40C1782346E00BABC9A /* PJ_wink1.c */; };
		D9C3F4B51782346E00BABC9A /* PJ_wink2.c in Sources */ = {isa = PBXBuildFile; fileRef = D9C3F40D1782346E00BABC9A /* PJ_wink2.c */; };
		D9C3F4B61782346E00BABC9A /* pj_zpoly1.c in Sources */ = {isa = PBXBuildFile; fileRef = D9C3F40E1782346E00BABC9A /* pj_zpoly1.c */; };
		D9C3F4B71782346E00BABC9A /* proj_api.h in Headers */ = {isa = PBXBuildFile; fileRef = D9C3F40F1782346E00BABC9A /* proj_api.h */; };
		D9C3F4B81782346E00BABC9A /* proj_etmerc.c in Sources */ = {isa = PBXBuildFile; fileRef = D9C3F4111782346E00BABC9A /* proj_etmerc.c */; };
		D9C3F4B91782346E00BABC9A /* proj_mdist.c in Sources */ = {isa = PBXBuildFile; fileRef = D9C3F4121782346E00BABC9A /* proj_mdist.c */; };
		D9C3F4BA1782346E00BABC9A /* proj_rouss.c in Sources */ = {isa = PBXBuildFile; fileRef = D9C3F4131782346E00BABC9A /* proj_rouss.c */; };
		D9C3F4BC1782346E00BABC9A /* projects.h in Headers */ = {isa = PBXBuildFile; fileRef = D9C3F4161782346E00BABC9A /* projects.h */; };
		D9C3F4BD1782346E00BABC9A /* rtodms.c in Sources */ = {isa = PBXBuildFile; fileRef = D9C3F4171782346E00BABC9A /* rtodms.c */; };
		D9C3F4BE1782346E00BABC9A /* vector1.c in Sources */ = {isa = PBXBuildFile; fileRef = D9C3F4181782346E00BABC9A /* vector1.c */; };
		D9C3F4C0178234F000BABC9A /* proj_config.h in Headers */ = {isa = PBXBuildFile; fileRef = D9C3F4BF178234F000BABC9A /* proj_config.h */; };
/* End PBXBuildFile section */

/* Begin PBXFileReference section */
		0867D69BFE84028FC02AAC07 /* Foundation.framework */ = {isa = PBXFileReference; lastKnownFileType = wrapper.framework; name = Foundation.framework; path = /System/Library/Frameworks/Foundation.framework; sourceTree = "<absolute>"; };
		0867D6A5FE840307C02AAC07 /* AppKit.framework */ = {isa = PBXFileReference; lastKnownFileType = wrapper.framework; name = AppKit.framework; path = /System/Library/Frameworks/AppKit.framework; sourceTree = "<absolute>"; };
		1058C7B1FEA5585E11CA2CBB /* Cocoa.framework */ = {isa = PBXFileReference; lastKnownFileType = wrapper.framework; name = Cocoa.framework; path = /System/Library/Frameworks/Cocoa.framework; sourceTree = "<absolute>"; };
		32DBCF5E0370ADEE00C91783 /* Proj4_Prefix.pch */ = {isa = PBXFileReference; fileEncoding = 4; lastKnownFileType = sourcecode.c.h; path = Proj4_Prefix.pch; sourceTree = "<group>"; };
		D2AAC07E0554694100DB518D /* libProj4.a */ = {isa = PBXFileReference; explicitFileType = archive.ar; includeInIndex = 0; path = libProj4.a; sourceTree = BUILT_PRODUCTS_DIR; };
		D2F7E8BE07B2D77200F64583 /* CoreData.framework */ = {isa = PBXFileReference; lastKnownFileType = wrapper.framework; name = CoreData.framework; path = /System/Library/Frameworks/CoreData.framework; sourceTree = "<absolute>"; };
		D9AFFCF917823EDC00AEF7B8 /* nad */ = {isa = PBXFileReference; lastKnownFileType = folder; path = nad; sourceTree = "<group>"; };
		D9C3F36E1782346E00BABC9A /* aasincos.c */ = {isa = PBXFileReference; fileEncoding = 4; lastKnownFileType = sourcecode.c.c; path = aasincos.c; sourceTree = "<group>"; };
		D9C3F36F1782346E00BABC9A /* adjlon.c */ = {isa = PBXFileReference; fileEncoding = 4; lastKnownFileType = sourcecode.c.c; path = adjlon.c; sourceTree = "<group>"; };
		D9C3F3701782346E00BABC9A /* bch2bps.c */ = {isa = PBXFileReference; fileEncoding = 4; lastKnownFileType = sourcecode.c.c; path = bch2bps.c; sourceTree = "<group>"; };
		D9C3F3711782346E00BABC9A /* bchgen.c */ = {isa = PBXFileReference; fileEncoding = 4; lastKnownFileType = sourcecode.c.c; path = bchgen.c; sourceTree = "<group>"; };
		D9C3F3721782346E00BABC9A /* biveval.c */ = {isa = PBXFileReference; fileEncoding = 4; lastKnownFileType = sourcecode.c.c; path = biveval.c; sourceTree = "<group>"; };
		D9C3F3731782346E00BABC9A /* cs2cs.c */ = {isa = PBXFileReference; fileEncoding = 4; lastKnownFileType = sourcecode.c.c; path = cs2cs.c; sourceTree = "<group>"; };
		D9C3F3741782346E00BABC9A /* dmstor.c */ = {isa = PBXFileReference; fileEncoding = 4; lastKnownFileType = sourcecode.c.c; path = dmstor.c; sourceTree = "<group>"; };
		D9C3F3751782346E00BABC9A /* emess.c */ = {isa = PBXFileReference; fileEncoding = 4; lastKnownFileType = sourcecode.c.c; path = emess.c; sourceTree = "<group>"; };
		D9C3F3761782346E00BABC9A /* emess.h */ = {isa = PBXFileReference; fileEncoding = 4; lastKnownFileType = sourcecode.c.h; path = emess.h; sourceTree = "<group>"; };
		D9C3F3771782346E00BABC9A /* gen_cheb.c */ = {isa = PBXFileReference; fileEncoding = 4; lastKnownFileType = sourcecode.c.c; path = gen_cheb.c; sourceTree = "<group>"; };
		D9C3F3781782346E00BABC9A /* geocent.c */ = {isa = PBXFileReference; fileEncoding = 4; lastKnownFileType = sourcecode.c.c; path = geocent.c; sourceTree = "<group>"; };
		D9C3F3791782346E00BABC9A /* geocent.h */ = {isa = PBXFileReference; fileEncoding = 4; lastKnownFileType = sourcecode.c.h; path = geocent.h; sourceTree = "<group>"; };
		D9C3F37A1782346E00BABC9A /* geod_for.c */ = {isa = PBXFileReference; fileEncoding = 4; lastKnownFileType = sourcecode.c.c; path = geod_for.c; sourceTree = "<group>"; };
		D9C3F37B1782346E00BABC9A /* geod_inv.c */ = {isa = PBXFileReference; fileEncoding = 4; lastKnownFileType = sourcecode.c.c; path = geod_inv.c; sourceTree = "<group>"; };
		D9C3F37C1782346E00BABC9A /* geod_set.c */ = {isa = PBXFileReference; fileEncoding = 4; lastKnownFileType = sourcecode.c.c; path = geod_set.c; sourceTree = "<group>"; };
		D9C3F37D1782346E00BABC9A /* geod.c */ = {isa = PBXFileReference; fileEncoding = 4; lastKnownFileType = sourcecode.c.c; path = geod.c; sourceTree = "<group>"; };
		D9C3F37E1782346E00BABC9A /* geodesic.h */ = {isa = PBXFileReference; fileEncoding = 4; lastKnownFileType = sourcecode.c.h; path = geodesic.h; sourceTree = "<group>"; };
		D9C3F37F1782346E00BABC9A /* jniproj.c */ = {isa = PBXFileReference; fileEncoding = 4; lastKnownFileType = sourcecode.c.c; path = jniproj.c; sourceTree = "<group>"; };
		D9C3F3801782346E00BABC9A /* Makefile.am */ = {isa = PBXFileReference; fileEncoding = 4; lastKnownFileType = text; path = Makefile.am; sourceTree = "<group>"; };
		D9C3F3811782346E00BABC9A /* Makefile.in */ = {isa = PBXFileReference; fileEncoding = 4; lastKnownFileType = text; path = Makefile.in; sourceTree = "<group>"; };
		D9C3F3821782346E00BABC9A /* makefile.vc */ = {isa = PBXFileReference; fileEncoding = 4; lastKnownFileType = text; path = makefile.vc; sourceTree = "<group>"; };
		D9C3F3831782346E00BABC9A /* mk_cheby.c */ = {isa = PBXFileReference; fileEncoding = 4; lastKnownFileType = sourcecode.c.c; path = mk_cheby.c; sourceTree = "<group>"; };
		D9C3F3841782346E00BABC9A /* multistresstest.c */ = {isa = PBXFileReference; fileEncoding = 4; lastKnownFileType = sourcecode.c.c; path = multistresstest.c; sourceTree = "<group>"; };
		D9C3F3851782346E00BABC9A /* nad_cvt.c */ = {isa = PBXFileReference; fileEncoding = 4; lastKnownFileType = sourcecode.c.c; path = nad_cvt.c; sourceTree = "<group>"; };
		D9C3F3861782346E00BABC9A /* nad_init.c */ = {isa = PBXFileReference; fileEncoding = 4; lastKnownFileType = sourcecode.c.c; path = nad_init.c; sourceTree = "<group>"; };
		D9C3F3871782346E00BABC9A /* nad_intr.c */ = {isa = PBXFileReference; fileEncoding = 4; lastKnownFileType = sourcecode.c.c; path = nad_intr.c; sourceTree = "<group>"; };
		D9C3F3881782346E00BABC9A /* nad2bin.c */ = {isa = PBXFileReference; fileEncoding = 4; lastKnownFileType = sourcecode.c.c; path = nad2bin.c; sourceTree = "<group>"; };
		D9C3F3891782346E00BABC9A /* org_proj4_Projections.h */ = {isa = PBXFileReference; fileEncoding = 4; lastKnownFileType = sourcecode.c.h; path = org_proj4_Projections.h; sourceTree = "<group>"; };
		D9C3F38A1782346E00BABC9A /* p_series.c */ = {isa = PBXFileReference; fileEncoding = 4; lastKnownFileType = sourcecode.c.c; path = p_series.c; sourceTree = "<group>"; };
		D9C3F38B1782346E00BABC9A /* PJ_aea.c */ = {isa = PBXFileReference; fileEncoding = 4; lastKnownFileType = sourcecode.c.c; path = PJ_aea.c; sourceTree = "<group>"; };
		D9C3F38C1782346E00BABC9A /* PJ_aeqd.c */ = {isa = PBXFileReference; fileEncoding = 4; lastKnownFileType = sourcecode.c.c; path = PJ_aeqd.c; sourceTree = "<group>"; };
		D9C3F38D1782346E00BABC9A /* PJ_airy.c */ = {isa = PBXFileReference; fileEncoding = 4; lastKnownFileType = sourcecode.c.c; path = PJ_airy.c; sourceTree = "<group>"; };
		D9C3F38E1782346E00BABC9A /* PJ_aitoff.c */ = {isa = PBXFileReference; fileEncoding = 4; lastKnownFileType = sourcecode.c.c; path = PJ_aitoff.c; sourceTree = "<group>"; };
		D9C3F38F1782346E00BABC9A /* pj_apply_gridshift.c */ = {isa = PBXFileReference; fileEncoding = 4; lastKnownFileType = sourcecode.c.c; path = pj_apply_gridshift.c; sourceTree = "<group>"; };
		D9C3F3901782346E00BABC9A /* pj_apply_vgridshift.c */ = {isa = PBXFileReference; fileEncoding = 4; lastKnownFileType = sourcecode.c.c; path = pj_apply_vgridshift.c; sourceTree = "<group>"; };
		D9C3F3911782346E00BABC9A /* PJ_august.c */ = {isa = PBXFileReference; fileEncoding = 4; lastKnownFileType = sourcecode.c.c; path = PJ_august.c; sourceTree = "<group>"; };
		D9C3F3921782346E00BABC9A /* pj_auth.c */ = {isa = PBXFileReference; fileEncoding = 4; lastKnownFileType = sourcecode.c.c; path = pj_auth.c; sourceTree = "<group>"; };
		D9C3F3931782346E00BABC9A /* PJ_bacon.c */ = {isa = PBXFileReference; fileEncoding = 4; lastKnownFileType = sourcecode.c.c; path = PJ_bacon.c; sourceTree = "<group>"; };
		D9C3F3941782346E00BABC9A /* PJ_bipc.c */ = {isa = PBXFileReference; fileEncoding = 4; lastKnownFileType = sourcecode.c.c; path = PJ_bipc.c; sourceTree = "<group>"; };
		D9C3F3951782346E00BABC9A /* PJ_boggs.c */ = {isa = PBXFileReference; fileEncoding = 4; lastKnownFileType = sourcecode.c.c; path = PJ_boggs.c; sourceTree = "<group>"; };
		D9C3F3961782346E00BABC9A /* PJ_bonne.c */ = {isa = PBXFileReference; fileEncoding = 4; lastKnownFileType = sourcecode.c.c; path = PJ_bonne.c; sourceTree = "<group>"; };
		D9C3F3971782346E00BABC9A /* PJ_cass.c */ = {isa = PBXFileReference; fileEncoding = 4; lastKnownFileType = sourcecode.c.c; path = PJ_cass.c; sourceTree = "<group>"; };
		D9C3F3981782346E00BABC9A /* PJ_cc.c */ = {isa = PBXFileReference; fileEncoding = 4; lastKnownFileType = sourcecode.c.c; path = PJ_cc.c; sourceTree = "<group>"; };
		D9C3F3991782346E00BABC9A /* PJ_cea.c */ = {isa = PBXFileReference; fileEncoding = 4; lastKnownFileType = sourcecode.c.c; path = PJ_cea.c; sourceTree = "<group>"; };
		D9C3F39A1782346E00BABC9A /* PJ_chamb.c */ = {isa = PBXFileReference; fileEncoding = 4; lastKnownFileType = sourcecode.c.c; path = PJ_chamb.c; sourceTree = "<group>"; };
		D9C3F39B1782346E00BABC9A /* PJ_collg.c */ = {isa = PBXFileReference; fileEncoding = 4; lastKnownFileType = sourcecode.c.c; path = PJ_collg.c; sourceTree = "<group>"; };
		D9C3F39C1782346E00BABC9A /* PJ_crast.c */ = {isa = PBXFileReference; fileEncoding = 4; lastKnownFileType = sourcecode.c.c; path = PJ_crast.c; sourceTree = "<group>"; };
		D9C3F39D1782346E00BABC9A /* pj_ctx.c */ = {isa = PBXFileReference; fileEncoding = 4; lastKnownFileType = sourcecode.c.c; path = pj_ctx.c; sourceTree = "<group>"; };
		D9C3F39E1782346E00BABC9A /* pj_datum_set.c */ = {isa = PBXFileReference; fileEncoding = 4; lastKnownFileType = sourcecode.c.c; path = pj_datum_set.c; sourceTree = "<group>"; };
		D9C3F39F1782346E00BABC9A /* pj_datums.c */ = {isa = PBXFileReference; fileEncoding = 4; lastKnownFileType = sourcecode.c.c; path = pj_datums.c; sourceTree = "<group>"; };
		D9C3F3A01782346E00BABC9A /* PJ_denoy.c */ = {isa = PBXFileReference; fileEncoding = 4; lastKnownFileType = sourcecode.c.c; path = PJ_denoy.c; sourceTree = "<group>"; };
		D9C3F3A11782346E00BABC9A /* pj_deriv.c */ = {isa = PBXFileReference; fileEncoding = 4; lastKnownFileType = sourcecode.c.c; path = pj_deriv.c; sourceTree = "<group>"; };
		D9C3F3A21782346E00BABC9A /* PJ_eck1.c */ = {isa = PBXFileReference; fileEncoding = 4; lastKnownFileType = sourcecode.c.c; path = PJ_eck1.c; sourceTree = "<group>"; };
		D9C3F3A31782346E00BABC9A /* PJ_eck2.c */ = {isa = PBXFileReference; fileEncoding = 4; lastKnownFileType = sourcecode.c.c; path = PJ_eck2.c; sourceTree = "<group>"; };
		D9C3F3A41782346E00BABC9A /* PJ_eck3.c */ = {isa = PBXFileReference; fileEncoding = 4; lastKnownFileType = sourcecode.c.c; path = PJ_eck3.c; sourceTree = "<group>"; };
		D9C3F3A51782346E00BABC9A /* PJ_eck4.c */ = {isa = PBXFileReference; fileEncoding = 4; lastKnownFileType = sourcecode.c.c; path = PJ_eck4.c; sourceTree = "<group>"; };
		D9C3F3A61782346E00BABC9A /* PJ_eck5.c */ = {isa = PBXFileReference; fileEncoding = 4; lastKnownFileType = sourcecode.c.c; path = PJ_eck5.c; sourceTree = "<group>"; };
		D9C3F3A71782346E00BABC9A /* pj_ell_set.c */ = {isa = PBXFileReference; fileEncoding = 4; lastKnownFileType = sourcecode.c.c; path = pj_ell_set.c; sourceTree = "<group>"; };
		D9C3F3A81782346E00BABC9A /* pj_ellps.c */ = {isa = PBXFileReference; fileEncoding = 4; lastKnownFileType = sourcecode.c.c; path = pj_ellps.c; sourceTree = "<group>"; };
		D9C3F3A91782346E00BABC9A /* PJ_eqc.c */ = {isa = PBXFileReference; fileEncoding = 4; lastKnownFileType = sourcecode.c.c; path = PJ_eqc.c; sourceTree = "<group>"; };
		D9C3F3AA1782346E00BABC9A /* PJ_eqdc.c */ = {isa = PBXFileReference; fileEncoding = 4; lastKnownFileType = sourcecode.c.c; path = PJ_eqdc.c; sourceTree = "<group>"; };
		D9C3F3AB1782346E00BABC9A /* pj_errno.c */ = {isa = PBXFileReference; fileEncoding = 4; lastKnownFileType = sourcecode.c.c; path = pj_errno.c; sourceTree = "<group>"; };
		D9C3F3AC1782346E00BABC9A /* pj_factors.c */ = {isa = PBXFileReference; fileEncoding = 4; lastKnownFileType = sourcecode.c.c; path = pj_factors.c; sourceTree = "<group>"; };
		D9C3F3AD1782346E00BABC9A /* PJ_fahey.c */ = {isa = PBXFileReference; fileEncoding = 4; lastKnownFileType = sourcecode.c.c; path = PJ_fahey.c; sourceTree = "<group>"; };
		D9C3F3AE1782346E00BABC9A /* PJ_fouc_s.c */ = {isa = PBXFileReference; fileEncoding = 4; lastKnownFileType = sourcecode.c.c; path = PJ_fouc_s.c; sourceTree = "<group>"; };
		D9C3F3AF1782346E00BABC9A /* pj_fwd.c */ = {isa = PBXFileReference; fileEncoding = 4; lastKnownFileType = sourcecode.c.c; path = pj_fwd.c; sourceTree = "<group>"; };
		D9C3F3B01782346E00BABC9A /* PJ_gall.c */ = {isa = PBXFileReference; fileEncoding = 4; lastKnownFileType = sourcecode.c.c; path = PJ_gall.c; sourceTree = "<group>"; };
		D9C3F3B11782346E00BABC9A /* pj_gauss.c */ = {isa = PBXFileReference; fileEncoding = 4; lastKnownFileType = sourcecode.c.c; path = pj_gauss.c; sourceTree = "<group>"; };
		D9C3F3B21782346E00BABC9A /* pj_geocent.c */ = {isa = PBXFileReference; fileEncoding = 4; lastKnownFileType = sourcecode.c.c; path = pj_geocent.c; sourceTree = "<group>"; };
		D9C3F3B31782346E00BABC9A /* PJ_geos.c */ = {isa = PBXFileReference; fileEncoding = 4; lastKnownFileType = sourcecode.c.c; path = PJ_geos.c; sourceTree = "<group>"; };
		D9C3F3B41782346E00BABC9A /* PJ_gins8.c */ = {isa = PBXFileReference; fileEncoding = 4; lastKnownFileType = sourcecode.c.c; path = PJ_gins8.c; sourceTree = "<group>"; };
		D9C3F3B51782346E00BABC9A /* PJ_gn_sinu.c */ = {isa = PBXFileReference; fileEncoding = 4; lastKnownFileType = sourcecode.c.c; path = PJ_gn_sinu.c; sourceTree = "<group>"; };
		D9C3F3B61782346E00BABC9A /* PJ_gnom.c */ = {isa = PBXFileReference; fileEncoding = 4; lastKnownFileType = sourcecode.c.c; path = PJ_gnom.c; sourceTree = "<group>"; };
		D9C3F3B71782346E00BABC9A /* PJ_goode.c */ = {isa = PBXFileReference; fileEncoding = 4; lastKnownFileType = sourcecode.c.c; path = PJ_goode.c; sourceTree = "<group>"; };
		D9C3F3B81782346E00BABC9A /* pj_gridinfo.c */ = {isa = PBXFileReference; fileEncoding = 4; lastKnownFileType = sourcecode.c.c; path = pj_gridinfo.c; sourceTree = "<group>"; };
		D9C3F3B91782346E00BABC9A /* pj_gridlist.c */ = {isa = PBXFileReference; fileEncoding = 4; lastKnownFileType = sourcecode.c.c; path = pj_gridlist.c; sourceTree = "<group>"; };
		D9C3F3BA1782346E00BABC9A /* PJ_gstmerc.c */ = {isa = PBXFileReference; fileEncoding = 4; lastKnownFileType = sourcecode.c.c; path = PJ_gstmerc.c; sourceTree = "<group>"; };
		D9C3F3BB1782346E00BABC9A /* PJ_hammer.c */ = {isa = PBXFileReference; fileEncoding = 4; lastKnownFileType = sourcecode.c.c; path = PJ_hammer.c; sourceTree = "<group>"; };
		D9C3F3BC1782346E00BABC9A /* PJ_hatano.c */ = {isa = PBXFileReference; fileEncoding = 4; lastKnownFileType = sourcecode.c.c; path = PJ_hatano.c; sourceTree = "<group>"; };
		D9C3F3BD1782346E00BABC9A /* PJ_healpix.c */ = {isa = PBXFileReference; fileEncoding = 4; lastKnownFileType = sourcecode.c.c; path = PJ_healpix.c; sourceTree = "<group>"; };
		D9C3F3BE1782346E00BABC9A /* PJ_igh.c */ = {isa = PBXFileReference; fileEncoding = 4; lastKnownFileType = sourcecode.c.c; path = PJ_igh.c; sourceTree = "<group>"; };
		D9C3F3BF1782346E00BABC9A /* PJ_imw_p.c */ = {isa = PBXFileReference; fileEncoding = 4; lastKnownFileType = sourcecode.c.c; path = PJ_imw_p.c; sourceTree = "<group>"; };
		D9C3F3C01782346E00BABC9A /* pj_init.c */ = {isa = PBXFileReference; fileEncoding = 4; lastKnownFileType = sourcecode.c.c; path = pj_init.c; sourceTree = "<group>"; };
		D9C3F3C11782346E00BABC9A /* pj_initcache.c */ = {isa = PBXFileReference; fileEncoding = 4; lastKnownFileType = sourcecode.c.c; path = pj_initcache.c; sourceTree = "<group>"; };
		D9C3F3C21782346E00BABC9A /* pj_inv.c */ = {isa = PBXFileReference; fileEncoding = 4; lastKnownFileType = sourcecode.c.c; path = pj_inv.c; sourceTree = "<group>"; };
		D9C3F3C31782346E00BABC9A /* PJ_isea.c */ = {isa = PBXFileReference; fileEncoding = 4; lastKnownFileType = sourcecode.c.c; path = PJ_isea.c; sourceTree = "<group>"; };
		D9C3F3C41782346E00BABC9A /* PJ_krovak.c */ = {isa = PBXFileReference; fileEncoding = 4; lastKnownFileType = sourcecode.c.c; path = PJ_krovak.c; sourceTree = "<group>"; };
		D9C3F3C51782346E00BABC9A /* PJ_labrd.c */ = {isa = PBXFileReference; fileEncoding = 4; lastKnownFileType = sourcecode.c.c; path = PJ_labrd.c; sourceTree = "<group>"; };
		D9C3F3C61782346E00BABC9A /* PJ_laea.c */ = {isa = PBXFileReference; fileEncoding = 4; lastKnownFileType = sourcecode.c.c; path = PJ_laea.c; sourceTree = "<group>"; };
		D9C3F3C71782346E00BABC9A /* PJ_lagrng.c */ = {isa = PBXFileReference; fileEncoding = 4; lastKnownFileType = sourcecode.c.c; path = PJ_lagrng.c; sourceTree = "<group>"; };
		D9C3F3C81782346E00BABC9A /* PJ_larr.c */ = {isa = PBXFileReference; fileEncoding = 4; lastKnownFileType = sourcecode.c.c; path = PJ_larr.c; sourceTree = "<group>"; };
		D9C3F3C91782346E00BABC9A /* PJ_lask.c */ = {isa = PBXFileReference; fileEncoding = 4; lastKnownFileType = sourcecode.c.c; path = PJ_lask.c; sourceTree = "<group>"; };
		D9C3F3CA1782346E00BABC9A /* pj_latlong.c */ = {isa = PBXFileReference; fileEncoding = 4; lastKnownFileType = sourcecode.c.c; path = pj_latlong.c; sourceTree = "<group>"; };
		D9C3F3CB1782346E00BABC9A /* PJ_lcc.c */ = {isa = PBXFileReference; fileEncoding = 4; lastKnownFileType = sourcecode.c.c; path = PJ_lcc.c; sourceTree = "<group>"; };
		D9C3F3CC1782346E00BABC9A /* PJ_lcca.c */ = {isa = PBXFileReference; fileEncoding = 4; lastKnownFileType = sourcecode.c.c; path = PJ_lcca.c; sourceTree = "<group>"; };
		D9C3F3CD1782346E00BABC9A /* pj_list.c */ = {isa = PBXFileReference; fileEncoding = 4; lastKnownFileType = sourcecode.c.c; path = pj_list.c; sourceTree = "<group>"; };
		D9C3F3CE1782346E00BABC9A /* pj_list.h */ = {isa = PBXFileReference; fileEncoding = 4; lastKnownFileType = sourcecode.c.h; path = pj_list.h; sourceTree = "<group>"; };
		D9C3F3CF1782346E00BABC9A /* pj_log.c */ = {isa = PBXFileReference; fileEncoding = 4; lastKnownFileType = sourcecode.c.c; path = pj_log.c; sourceTree = "<group>"; };
		D9C3F3D01782346E00BABC9A /* PJ_loxim.c */ = {isa = PBXFileReference; fileEncoding = 4; lastKnownFileType = sourcecode.c.c; path = PJ_loxim.c; sourceTree = "<group>"; };
		D9C3F3D11782346E00BABC9A /* PJ_lsat.c */ = {isa = PBXFileReference; fileEncoding = 4; lastKnownFileType = sourcecode.c.c; path = PJ_lsat.c; sourceTree = "<group>"; };
		D9C3F3D21782346E00BABC9A /* pj_malloc.c */ = {isa = PBXFileReference; fileEncoding = 4; lastKnownFileType = sourcecode.c.c; path = pj_malloc.c; sourceTree = "<group>"; };
		D9C3F3D31782346E00BABC9A /* PJ_mbt_fps.c */ = {isa = PBXFileReference; fileEncoding = 4; lastKnownFileType = sourcecode.c.c; path = PJ_mbt_fps.c; sourceTree = "<group>"; };
		D9C3F3D41782346E00BABC9A /* PJ_mbtfpp.c */ = {isa = PBXFileReference; fileEncoding = 4; lastKnownFileType = sourcecode.c.c; path = PJ_mbtfpp.c; sourceTree = "<group>"; };
		D9C3F3D51782346E00BABC9A /* PJ_mbtfpq.c */ = {isa = PBXFileReference; fileEncoding = 4; lastKnownFileType = sourcecode.c.c; path = PJ_mbtfpq.c; sourceTree = "<group>"; };
		D9C3F3D61782346E00BABC9A /* PJ_merc.c */ = {isa = PBXFileReference; fileEncoding = 4; lastKnownFileType = sourcecode.c.c; path = PJ_merc.c; sourceTree = "<group>"; };
		D9C3F3D71782346E00BABC9A /* PJ_mill.c */ = {isa = PBXFileReference; fileEncoding = 4; lastKnownFileType = sourcecode.c.c; path = PJ_mill.c; sourceTree = "<group>"; };
		D9C3F3D81782346E00BABC9A /* pj_mlfn.c */ = {isa = PBXFileReference; fileEncoding = 4; lastKnownFileType = sourcecode.c.c; path = pj_mlfn.c; sourceTree = "<group>"; };
		D9C3F3D91782346E00BABC9A /* PJ_mod_ster.c */ = {isa = PBXFileReference; fileEncoding = 4; lastKnownFileType = sourcecode.c.c; path = PJ_mod_ster.c; sourceTree = "<group>"; };
		D9C3F3DA1782346E00BABC9A /* PJ_moll.c */ = {isa = PBXFileReference; fileEncoding = 4; lastKnownFileType = sourcecode.c.c; path = PJ_moll.c; sourceTree = "<group>"; };
		D9C3F3DB1782346E00BABC9A /* pj_msfn.c */ = {isa = PBXFileReference; fileEncoding = 4; lastKnownFileType = sourcecode.c.c; path = pj_msfn.c; sourceTree = "<group>"; };
		D9C3F3DC1782346E00BABC9A /* pj_mutex.c */ = {isa = PBXFileReference; fileEncoding = 4; lastKnownFileType = sourcecode.c.c; path = pj_mutex.c; sourceTree = "<group>"; };
		D9C3F3DD1782346E00BABC9A /* PJ_natearth.c */ = {isa = PBXFileReference; fileEncoding = 4; lastKnownFileType = sourcecode.c.c; path = PJ_natearth.c; sourceTree = "<group>"; };
		D9C3F3DE1782346E00BABC9A /* PJ_nell_h.c */ = {isa = PBXFileReference; fileEncoding = 4; lastKnownFileType = sourcecode.c.c; path = PJ_nell_h.c; sourceTree = "<group>"; };
		D9C3F3DF1782346E00BABC9A /* PJ_nell.c */ = {isa = PBXFileReference; fileEncoding = 4; lastKnownFileType = sourcecode.c.c; path = PJ_nell.c; sourceTree = "<group>"; };
		D9C3F3E01782346E00BABC9A /* PJ_nocol.c */ = {isa = PBXFileReference; fileEncoding = 4; lastKnownFileType = sourcecode.c.c; path = PJ_nocol.c; sourceTree = "<group>"; };
		D9C3F3E11782346E00BABC9A /* PJ_nsper.c */ = {isa = PBXFileReference; fileEncoding = 4; lastKnownFileType = sourcecode.c.c; path = PJ_nsper.c; sourceTree = "<group>"; };
		D9C3F3E21782346E00BABC9A /* PJ_nzmg.c */ = {isa = PBXFileReference; fileEncoding = 4; lastKnownFileType = sourcecode.c.c; path = PJ_nzmg.c; sourceTree = "<group>"; };
		D9C3F3E31782346E00BABC9A /* PJ_ob_tran.c */ = {isa = PBXFileReference; fileEncoding = 4; lastKnownFileType = sourcecode.c.c; path = PJ_ob_tran.c; sourceTree = "<group>"; };
		D9C3F3E41782346E00BABC9A /* PJ_ocea.c */ = {isa = PBXFileReference; fileEncoding = 4; lastKnownFileType = sourcecode.c.c; path = PJ_ocea.c; sourceTree = "<group>"; };
		D9C3F3E51782346E00BABC9A /* PJ_oea.c */ = {isa = PBXFileReference; fileEncoding = 4; lastKnownFileType = sourcecode.c.c; path = PJ_oea.c; sourceTree = "<group>"; };
		D9C3F3E61782346E00BABC9A /* PJ_omerc.c */ = {isa = PBXFileReference; fileEncoding = 4; lastKnownFileType = sourcecode.c.c; path = PJ_omerc.c; sourceTree = "<group>"; };
		D9C3F3E71782346E00BABC9A /* pj_open_lib.c */ = {isa = PBXFileReference; fileEncoding = 4; lastKnownFileType = sourcecode.c.c; path = pj_open_lib.c; sourceTree = "<group>"; };
		D9C3F3E81782346E00BABC9A /* PJ_ortho.c */ = {isa = PBXFileReference; fileEncoding = 4; lastKnownFileType = sourcecode.c.c; path = PJ_ortho.c; sourceTree = "<group>"; };
		D9C3F3E91782346E00BABC9A /* pj_param.c */ = {isa = PBXFileReference; fileEncoding = 4; lastKnownFileType = sourcecode.c.c; path = pj_param.c; sourceTree = "<group>"; };
		D9C3F3EA1782346E00BABC9A /* pj_phi2.c */ = {isa = PBXFileReference; fileEncoding = 4; lastKnownFileType = sourcecode.c.c; path = pj_phi2.c; sourceTree = "<group>"; };
		D9C3F3EB1782346E00BABC9A /* PJ_poly.c */ = {isa = PBXFileReference; fileEncoding = 4; lastKnownFileType = sourcecode.c.c; path = PJ_poly.c; sourceTree = "<group>"; };
		D9C3F3EC1782346E00BABC9A /* pj_pr_list.c */ = {isa = PBXFileReference; fileEncoding = 4; lastKnownFileType = sourcecode.c.c; path = pj_pr_list.c; sourceTree = "<group>"; };
		D9C3F3ED1782346E00BABC9A /* PJ_putp2.c */ = {isa = PBXFileReference; fileEncoding = 4; lastKnownFileType = sourcecode.c.c; path = PJ_putp2.c; sourceTree = "<group>"; };
		D9C3F3EE1782346E00BABC9A /* PJ_putp3.c */ = {isa = PBXFileReference; fileEncoding = 4; lastKnownFileType = sourcecode.c.c; path = PJ_putp3.c; sourceTree = "<group>"; };
		D9C3F3EF1782346E00BABC9A /* PJ_putp4p.c */ = {isa = PBXFileReference; fileEncoding = 4; lastKnownFileType = sourcecode.c.c; path = PJ_putp4p.c; sourceTree = "<group>"; };
		D9C3F3F01782346E00BABC9A /* PJ_putp5.c */ = {isa = PBXFileReference; fileEncoding = 4; lastKnownFileType = sourcecode.c.c; path = PJ_putp5.c; sourceTree = "<group>"; };
		D9C3F3F11782346E00BABC9A /* PJ_putp6.c */ = {isa = PBXFileReference; fileEncoding = 4; lastKnownFileType = sourcecode.c.c; path = PJ_putp6.c; sourceTree = "<group>"; };
		D9C3F3F21782346E00BABC9A /* pj_qsfn.c */ = {isa = PBXFileReference; fileEncoding = 4; lastKnownFileType = sourcecode.c.c; path = pj_qsfn.c; sourceTree = "<group>"; };
		D9C3F3F31782346E00BABC9A /* pj_release.c */ = {isa = PBXFileReference; fileEncoding = 4; lastKnownFileType = sourcecode.c.c; path = pj_release.c; sourceTree = "<group>"; };
		D9C3F3F41782346E00BABC9A /* PJ_robin.c */ = {isa = PBXFileReference; fileEncoding = 4; lastKnownFileType = sourcecode.c.c; path = PJ_robin.c; sourceTree = "<group>"; };
		D9C3F3F51782346E00BABC9A /* PJ_rpoly.c */ = {isa = PBXFileReference; fileEncoding = 4; lastKnownFileType = sourcecode.c.c; path = PJ_rpoly.c; sourceTree = "<group>"; };
		D9C3F3F61782346E00BABC9A /* PJ_sconics.c */ = {isa = PBXFileReference; fileEncoding = 4; lastKnownFileType = sourcecode.c.c; path = PJ_sconics.c; sourceTree = "<group>"; };
		D9C3F3F71782346E00BABC9A /* PJ_somerc.c */ = {isa = PBXFileReference; fileEncoding = 4; lastKnownFileType = sourcecode.c.c; path = PJ_somerc.c; sourceTree = "<group>"; };
		D9C3F3F81782346E00BABC9A /* PJ_stere.c */ = {isa = PBXFileReference; fileEncoding = 4; lastKnownFileType = sourcecode.c.c; path = PJ_stere.c; sourceTree = "<group>"; };
		D9C3F3F91782346E00BABC9A /* PJ_sterea.c */ = {isa = PBXFileReference; fileEncoding = 4; lastKnownFileType = sourcecode.c.c; path = PJ_sterea.c; sourceTree = "<group>"; };
		D9C3F3FA1782346E00BABC9A /* pj_strerrno.c */ = {isa = PBXFileReference; fileEncoding = 4; lastKnownFileType = sourcecode.c.c; path = pj_strerrno.c; sourceTree = "<group>"; };
		D9C3F3FB1782346E00BABC9A /* PJ_sts.c */ = {isa = PBXFileReference; fileEncoding = 4; lastKnownFileType = sourcecode.c.c; path = PJ_sts.c; sourceTree = "<group>"; };
		D9C3F3FC1782346E00BABC9A /* PJ_tcc.c */ = {isa = PBXFileReference; fileEncoding = 4; lastKnownFileType = sourcecode.c.c; path = PJ_tcc.c; sourceTree = "<group>"; };
		D9C3F3FD1782346E00BABC9A /* PJ_tcea.c */ = {isa = PBXFileReference; fileEncoding = 4; lastKnownFileType = sourcecode.c.c; path = PJ_tcea.c; sourceTree = "<group>"; };
		D9C3F3FE1782346E00BABC9A /* PJ_tmerc.c */ = {isa = PBXFileReference; fileEncoding = 4; lastKnownFileType = sourcecode.c.c; path = PJ_tmerc.c; sourceTree = "<group>"; };
		D9C3F3FF1782346E00BABC9A /* PJ_tpeqd.c */ = {isa = PBXFileReference; fileEncoding = 4; lastKnownFileType = sourcecode.c.c; path = PJ_tpeqd.c; sourceTree = "<group>"; };
		D9C3F4001782346E00BABC9A /* pj_transform.c */ = {isa = PBXFileReference; fileEncoding = 4; lastKnownFileType = sourcecode.c.c; path = pj_transform.c; sourceTree = "<group>"; };
		D9C3F4011782346E00BABC9A /* pj_tsfn.c */ = {isa = PBXFileReference; fileEncoding = 4; lastKnownFileType = sourcecode.c.c; path = pj_tsfn.c; sourceTree = "<group>"; };
		D9C3F4021782346E00BABC9A /* pj_units.c */ = {isa = PBXFileReference; fileEncoding = 4; lastKnownFileType = sourcecode.c.c; path = pj_units.c; sourceTree = "<group>"; };
		D9C3F4031782346E00BABC9A /* PJ_urm5.c */ = {isa = PBXFileReference; fileEncoding = 4; lastKnownFileType = sourcecode.c.c; path = PJ_urm5.c; sourceTree = "<group>"; };
		D9C3F4041782346E00BABC9A /* PJ_urmfps.c */ = {isa = PBXFileReference; fileEncoding = 4; lastKnownFileType = sourcecode.c.c; path = PJ_urmfps.c; sourceTree = "<group>"; };
		D9C3F4051782346E00BABC9A /* pj_utils.c */ = {isa = PBXFileReference; fileEncoding = 4; lastKnownFileType = sourcecode.c.c; path = pj_utils.c; sourceTree = "<group>"; };
		D9C3F4061782346E00BABC9A /* PJ_vandg.c */ = {isa = PBXFileReference; fileEncoding = 4; lastKnownFileType = sourcecode.c.c; path = PJ_vandg.c; sourceTree = "<group>"; };
		D9C3F4071782346E00BABC9A /* PJ_vandg2.c */ = {isa = PBXFileReference; fileEncoding = 4; lastKnownFileType = sourcecode.c.c; path = PJ_vandg2.c; sourceTree = "<group>"; };
		D9C3F4081782346E00BABC9A /* PJ_vandg4.c */ = {isa = PBXFileReference; fileEncoding = 4; lastKnownFileType = sourcecode.c.c; path = PJ_vandg4.c; sourceTree = "<group>"; };
		D9C3F4091782346E00BABC9A /* PJ_wag2.c */ = {isa = PBXFileReference; fileEncoding = 4; lastKnownFileType = sourcecode.c.c; path = PJ_wag2.c; sourceTree = "<group>"; };
		D9C3F40A1782346E00BABC9A /* PJ_wag3.c */ = {isa = PBXFileReference; fileEncoding = 4; lastKnownFileType = sourcecode.c.c; path = PJ_wag3.c; sourceTree = "<group>"; };
		D9C3F40B1782346E00BABC9A /* PJ_wag7.c */ = {isa = PBXFileReference; fileEncoding = 4; lastKnownFileType = sourcecode.c.c; path = PJ_wag7.c; sourceTree = "<group>"; };
		D9C3F40C1782346E00BABC9A /* PJ_wink1.c */ = {isa = PBXFileReference; fileEncoding = 4; lastKnownFileType = sourcecode.c.c; path = PJ_wink1.c; sourceTree = "<group>"; };
		D9C3F40D1782346E00BABC9A /* PJ_wink2.c */ = {isa = PBXFileReference; fileEncoding = 4; lastKnownFileType = sourcecode.c.c; path = PJ_wink2.c; sourceTree = "<group>"; };
		D9C3F40E1782346E00BABC9A /* pj_zpoly1.c */ = {isa = PBXFileReference; fileEncoding = 4; lastKnownFileType = sourcecode.c.c; path = pj_zpoly1.c; sourceTree = "<group>"; };
		D9C3F40F1782346E00BABC9A /* proj_api.h */ = {isa = PBXFileReference; fileEncoding = 4; lastKnownFileType = sourcecode.c.h; path = proj_api.h; sourceTree = "<group>"; };
		D9C3F4101782346E00BABC9A /* proj_config.h.in */ = {isa = PBXFileReference; fileEncoding = 4; lastKnownFileType = text; path = proj_config.h.in; sourceTree = "<group>"; };
		D9C3F4111782346E00BABC9A /* proj_etmerc.c */ = {isa = PBXFileReference; fileEncoding = 4; lastKnownFileType = sourcecode.c.c; path = proj_etmerc.c; sourceTree = "<group>"; };
		D9C3F4121782346E00BABC9A /* proj_mdist.c */ = {isa = PBXFileReference; fileEncoding = 4; lastKnownFileType = sourcecode.c.c; path = proj_mdist.c; sourceTree = "<group>"; };
		D9C3F4131782346E00BABC9A /* proj_rouss.c */ = {isa = PBXFileReference; fileEncoding = 4; lastKnownFileType = sourcecode.c.c; path = proj_rouss.c; sourceTree = "<group>"; };
		D9C3F4141782346E00BABC9A /* proj.c */ = {isa = PBXFileReference; fileEncoding = 4; lastKnownFileType = sourcecode.c.c; path = proj.c; sourceTree = "<group>"; };
		D9C3F4151782346E00BABC9A /* proj.def */ = {isa = PBXFileReference; fileEncoding = 4; lastKnownFileType = text; path = proj.def; sourceTree = "<group>"; };
		D9C3F4161782346E00BABC9A /* projects.h */ = {isa = PBXFileReference; fileEncoding = 4; lastKnownFileType = sourcecode.c.h; path = projects.h; sourceTree = "<group>"; };
		D9C3F4171782346E00BABC9A /* rtodms.c */ = {isa = PBXFileReference; fileEncoding = 4; lastKnownFileType = sourcecode.c.c; path = rtodms.c; sourceTree = "<group>"; };
		D9C3F4181782346E00BABC9A /* vector1.c */ = {isa = PBXFileReference; fileEncoding = 4; lastKnownFileType = sourcecode.c.c; path = vector1.c; sourceTree = "<group>"; };
		D9C3F4BF178234F000BABC9A /* proj_config.h */ = {isa = PBXFileReference; fileEncoding = 4; lastKnownFileType = sourcecode.c.h; path = proj_config.h; sourceTree = "<group>"; };
/* End PBXFileReference section */

/* Begin PBXFrameworksBuildPhase section */
		D2AAC07C0554694100DB518D /* Frameworks */ = {
			isa = PBXFrameworksBuildPhase;
			buildActionMask = 2147483647;
			files = (
			);
			runOnlyForDeploymentPostprocessing = 0;
		};
/* End PBXFrameworksBuildPhase section */

/* Begin PBXGroup section */
		034768DFFF38A50411DB9C8B /* Products */ = {
			isa = PBXGroup;
			children = (
				D2AAC07E0554694100DB518D /* libProj4.a */,
			);
			name = Products;
			sourceTree = "<group>";
		};
		0867D691FE84028FC02AAC07 /* Proj4 */ = {
			isa = PBXGroup;
			children = (
				08FB77AEFE84172EC02AAC07 /* Classes */,
				32C88DFF0371C24200C91783 /* Other Sources */,
				0867D69AFE84028FC02AAC07 /* External Frameworks and Libraries */,
				034768DFFF38A50411DB9C8B /* Products */,
				D9AFFCF917823EDC00AEF7B8 /* nad */,
			);
			name = Proj4;
			sourceTree = "<group>";
		};
		0867D69AFE84028FC02AAC07 /* External Frameworks and Libraries */ = {
			isa = PBXGroup;
			children = (
				1058C7B0FEA5585E11CA2CBB /* Linked Frameworks */,
				1058C7B2FEA5585E11CA2CBB /* Other Frameworks */,
			);
			name = "External Frameworks and Libraries";
			sourceTree = "<group>";
		};
		08FB77AEFE84172EC02AAC07 /* Classes */ = {
			isa = PBXGroup;
			children = (
				D9C3F36E1782346E00BABC9A /* aasincos.c */,
				D9C3F36F1782346E00BABC9A /* adjlon.c */,
				D9C3F3701782346E00BABC9A /* bch2bps.c */,
				D9C3F3711782346E00BABC9A /* bchgen.c */,
				D9C3F3721782346E00BABC9A /* biveval.c */,
				D9C3F3731782346E00BABC9A /* cs2cs.c */,
				D9C3F3741782346E00BABC9A /* dmstor.c */,
				D9C3F3751782346E00BABC9A /* emess.c */,
				D9C3F3761782346E00BABC9A /* emess.h */,
				D9C3F3771782346E00BABC9A /* gen_cheb.c */,
				D9C3F3781782346E00BABC9A /* geocent.c */,
				D9C3F3791782346E00BABC9A /* geocent.h */,
				D9C3F37A1782346E00BABC9A /* geod_for.c */,
				D9C3F37B1782346E00BABC9A /* geod_inv.c */,
				D9C3F37C1782346E00BABC9A /* geod_set.c */,
				D9C3F37D1782346E00BABC9A /* geod.c */,
				D9C3F37E1782346E00BABC9A /* geodesic.h */,
				D9C3F37F1782346E00BABC9A /* jniproj.c */,
				D9C3F3801782346E00BABC9A /* Makefile.am */,
				D9C3F3811782346E00BABC9A /* Makefile.in */,
				D9C3F3821782346E00BABC9A /* makefile.vc */,
				D9C3F3831782346E00BABC9A /* mk_cheby.c */,
				D9C3F3841782346E00BABC9A /* multistresstest.c */,
				D9C3F3851782346E00BABC9A /* nad_cvt.c */,
				D9C3F3861782346E00BABC9A /* nad_init.c */,
				D9C3F3871782346E00BABC9A /* nad_intr.c */,
				D9C3F3881782346E00BABC9A /* nad2bin.c */,
				D9C3F3891782346E00BABC9A /* org_proj4_Projections.h */,
				D9C3F38A1782346E00BABC9A /* p_series.c */,
				D9C3F38B1782346E00BABC9A /* PJ_aea.c */,
				D9C3F38C1782346E00BABC9A /* PJ_aeqd.c */,
				D9C3F38D1782346E00BABC9A /* PJ_airy.c */,
				D9C3F38E1782346E00BABC9A /* PJ_aitoff.c */,
				D9C3F38F1782346E00BABC9A /* pj_apply_gridshift.c */,
				D9C3F3901782346E00BABC9A /* pj_apply_vgridshift.c */,
				D9C3F3911782346E00BABC9A /* PJ_august.c */,
				D9C3F3921782346E00BABC9A /* pj_auth.c */,
				D9C3F3931782346E00BABC9A /* PJ_bacon.c */,
				D9C3F3941782346E00BABC9A /* PJ_bipc.c */,
				D9C3F3951782346E00BABC9A /* PJ_boggs.c */,
				D9C3F3961782346E00BABC9A /* PJ_bonne.c */,
				D9C3F3971782346E00BABC9A /* PJ_cass.c */,
				D9C3F3981782346E00BABC9A /* PJ_cc.c */,
				D9C3F3991782346E00BABC9A /* PJ_cea.c */,
				D9C3F39A1782346E00BABC9A /* PJ_chamb.c */,
				D9C3F39B1782346E00BABC9A /* PJ_collg.c */,
				D9C3F39C1782346E00BABC9A /* PJ_crast.c */,
				D9C3F39D1782346E00BABC9A /* pj_ctx.c */,
				D9C3F39E1782346E00BABC9A /* pj_datum_set.c */,
				D9C3F39F1782346E00BABC9A /* pj_datums.c */,
				D9C3F3A01782346E00BABC9A /* PJ_denoy.c */,
				D9C3F3A11782346E00BABC9A /* pj_deriv.c */,
				D9C3F3A21782346E00BABC9A /* PJ_eck1.c */,
				D9C3F3A31782346E00BABC9A /* PJ_eck2.c */,
				D9C3F3A41782346E00BABC9A /* PJ_eck3.c */,
				D9C3F3A51782346E00BABC9A /* PJ_eck4.c */,
				D9C3F3A61782346E00BABC9A /* PJ_eck5.c */,
				D9C3F3A71782346E00BABC9A /* pj_ell_set.c */,
				D9C3F3A81782346E00BABC9A /* pj_ellps.c */,
				D9C3F3A91782346E00BABC9A /* PJ_eqc.c */,
				D9C3F3AA1782346E00BABC9A /* PJ_eqdc.c */,
				D9C3F3AB1782346E00BABC9A /* pj_errno.c */,
				D9C3F3AC1782346E00BABC9A /* pj_factors.c */,
				D9C3F3AD1782346E00BABC9A /* PJ_fahey.c */,
				D9C3F3AE1782346E00BABC9A /* PJ_fouc_s.c */,
				D9C3F3AF1782346E00BABC9A /* pj_fwd.c */,
				D9C3F3B01782346E00BABC9A /* PJ_gall.c */,
				D9C3F3B11782346E00BABC9A /* pj_gauss.c */,
				D9C3F3B21782346E00BABC9A /* pj_geocent.c */,
				D9C3F3B31782346E00BABC9A /* PJ_geos.c */,
				D9C3F3B41782346E00BABC9A /* PJ_gins8.c */,
				D9C3F3B51782346E00BABC9A /* PJ_gn_sinu.c */,
				D9C3F3B61782346E00BABC9A /* PJ_gnom.c */,
				D9C3F3B71782346E00BABC9A /* PJ_goode.c */,
				D9C3F3B81782346E00BABC9A /* pj_gridinfo.c */,
				D9C3F3B91782346E00BABC9A /* pj_gridlist.c */,
				D9C3F3BA1782346E00BABC9A /* PJ_gstmerc.c */,
				D9C3F3BB1782346E00BABC9A /* PJ_hammer.c */,
				D9C3F3BC1782346E00BABC9A /* PJ_hatano.c */,
				D9C3F3BD1782346E00BABC9A /* PJ_healpix.c */,
				D9C3F3BE1782346E00BABC9A /* PJ_igh.c */,
				D9C3F3BF1782346E00BABC9A /* PJ_imw_p.c */,
				D9C3F3C01782346E00BABC9A /* pj_init.c */,
				D9C3F3C11782346E00BABC9A /* pj_initcache.c */,
				D9C3F3C21782346E00BABC9A /* pj_inv.c */,
				D9C3F3C31782346E00BABC9A /* PJ_isea.c */,
				D9C3F3C41782346E00BABC9A /* PJ_krovak.c */,
				D9C3F3C51782346E00BABC9A /* PJ_labrd.c */,
				D9C3F3C61782346E00BABC9A /* PJ_laea.c */,
				D9C3F3C71782346E00BABC9A /* PJ_lagrng.c */,
				D9C3F3C81782346E00BABC9A /* PJ_larr.c */,
				D9C3F3C91782346E00BABC9A /* PJ_lask.c */,
				D9C3F3CA1782346E00BABC9A /* pj_latlong.c */,
				D9C3F3CB1782346E00BABC9A /* PJ_lcc.c */,
				D9C3F3CC1782346E00BABC9A /* PJ_lcca.c */,
				D9C3F3CD1782346E00BABC9A /* pj_list.c */,
				D9C3F3CE1782346E00BABC9A /* pj_list.h */,
				D9C3F3CF1782346E00BABC9A /* pj_log.c */,
				D9C3F3D01782346E00BABC9A /* PJ_loxim.c */,
				D9C3F3D11782346E00BABC9A /* PJ_lsat.c */,
				D9C3F3D21782346E00BABC9A /* pj_malloc.c */,
				D9C3F3D31782346E00BABC9A /* PJ_mbt_fps.c */,
				D9C3F3D41782346E00BABC9A /* PJ_mbtfpp.c */,
				D9C3F3D51782346E00BABC9A /* PJ_mbtfpq.c */,
				D9C3F3D61782346E00BABC9A /* PJ_merc.c */,
				D9C3F3D71782346E00BABC9A /* PJ_mill.c */,
				D9C3F3D81782346E00BABC9A /* pj_mlfn.c */,
				D9C3F3D91782346E00BABC9A /* PJ_mod_ster.c */,
				D9C3F3DA1782346E00BABC9A /* PJ_moll.c */,
				D9C3F3DB1782346E00BABC9A /* pj_msfn.c */,
				D9C3F3DC1782346E00BABC9A /* pj_mutex.c */,
				D9C3F3DD1782346E00BABC9A /* PJ_natearth.c */,
				D9C3F3DE1782346E00BABC9A /* PJ_nell_h.c */,
				D9C3F3DF1782346E00BABC9A /* PJ_nell.c */,
				D9C3F3E01782346E00BABC9A /* PJ_nocol.c */,
				D9C3F3E11782346E00BABC9A /* PJ_nsper.c */,
				D9C3F3E21782346E00BABC9A /* PJ_nzmg.c */,
				D9C3F3E31782346E00BABC9A /* PJ_ob_tran.c */,
				D9C3F3E41782346E00BABC9A /* PJ_ocea.c */,
				D9C3F3E51782346E00BABC9A /* PJ_oea.c */,
				D9C3F3E61782346E00BABC9A /* PJ_omerc.c */,
				D9C3F3E71782346E00BABC9A /* pj_open_lib.c */,
				D9C3F3E81782346E00BABC9A /* PJ_ortho.c */,
				D9C3F3E91782346E00BABC9A /* pj_param.c */,
				D9C3F3EA1782346E00BABC9A /* pj_phi2.c */,
				D9C3F3EB1782346E00BABC9A /* PJ_poly.c */,
				D9C3F3EC1782346E00BABC9A /* pj_pr_list.c */,
				D9C3F3ED1782346E00BABC9A /* PJ_putp2.c */,
				D9C3F3EE1782346E00BABC9A /* PJ_putp3.c */,
				D9C3F3EF1782346E00BABC9A /* PJ_putp4p.c */,
				D9C3F3F01782346E00BABC9A /* PJ_putp5.c */,
				D9C3F3F11782346E00BABC9A /* PJ_putp6.c */,
				D9C3F3F21782346E00BABC9A /* pj_qsfn.c */,
				D9C3F3F31782346E00BABC9A /* pj_release.c */,
				D9C3F3F41782346E00BABC9A /* PJ_robin.c */,
				D9C3F3F51782346E00BABC9A /* PJ_rpoly.c */,
				D9C3F3F61782346E00BABC9A /* PJ_sconics.c */,
				D9C3F3F71782346E00BABC9A /* PJ_somerc.c */,
				D9C3F3F81782346E00BABC9A /* PJ_stere.c */,
				D9C3F3F91782346E00BABC9A /* PJ_sterea.c */,
				D9C3F3FA1782346E00BABC9A /* pj_strerrno.c */,
				D9C3F3FB1782346E00BABC9A /* PJ_sts.c */,
				D9C3F3FC1782346E00BABC9A /* PJ_tcc.c */,
				D9C3F3FD1782346E00BABC9A /* PJ_tcea.c */,
				D9C3F3FE1782346E00BABC9A /* PJ_tmerc.c */,
				D9C3F3FF1782346E00BABC9A /* PJ_tpeqd.c */,
				D9C3F4001782346E00BABC9A /* pj_transform.c */,
				D9C3F4011782346E00BABC9A /* pj_tsfn.c */,
				D9C3F4021782346E00BABC9A /* pj_units.c */,
				D9C3F4031782346E00BABC9A /* PJ_urm5.c */,
				D9C3F4041782346E00BABC9A /* PJ_urmfps.c */,
				D9C3F4051782346E00BABC9A /* pj_utils.c */,
				D9C3F4061782346E00BABC9A /* PJ_vandg.c */,
				D9C3F4071782346E00BABC9A /* PJ_vandg2.c */,
				D9C3F4081782346E00BABC9A /* PJ_vandg4.c */,
				D9C3F4091782346E00BABC9A /* PJ_wag2.c */,
				D9C3F40A1782346E00BABC9A /* PJ_wag3.c */,
				D9C3F40B1782346E00BABC9A /* PJ_wag7.c */,
				D9C3F40C1782346E00BABC9A /* PJ_wink1.c */,
				D9C3F40D1782346E00BABC9A /* PJ_wink2.c */,
				D9C3F40E1782346E00BABC9A /* pj_zpoly1.c */,
				D9C3F40F1782346E00BABC9A /* proj_api.h */,
				D9C3F4BF178234F000BABC9A /* proj_config.h */,
				D9C3F4101782346E00BABC9A /* proj_config.h.in */,
				D9C3F4111782346E00BABC9A /* proj_etmerc.c */,
				D9C3F4121782346E00BABC9A /* proj_mdist.c */,
				D9C3F4131782346E00BABC9A /* proj_rouss.c */,
				D9C3F4141782346E00BABC9A /* proj.c */,
				D9C3F4151782346E00BABC9A /* proj.def */,
				D9C3F4161782346E00BABC9A /* projects.h */,
				D9C3F4171782346E00BABC9A /* rtodms.c */,
				D9C3F4181782346E00BABC9A /* vector1.c */,
			);
			name = Classes;
			sourceTree = "<group>";
		};
		1058C7B0FEA5585E11CA2CBB /* Linked Frameworks */ = {
			isa = PBXGroup;
			children = (
				1058C7B1FEA5585E11CA2CBB /* Cocoa.framework */,
			);
			name = "Linked Frameworks";
			sourceTree = "<group>";
		};
		1058C7B2FEA5585E11CA2CBB /* Other Frameworks */ = {
			isa = PBXGroup;
			children = (
				0867D6A5FE840307C02AAC07 /* AppKit.framework */,
				D2F7E8BE07B2D77200F64583 /* CoreData.framework */,
				0867D69BFE84028FC02AAC07 /* Foundation.framework */,
			);
			name = "Other Frameworks";
			sourceTree = "<group>";
		};
		32C88DFF0371C24200C91783 /* Other Sources */ = {
			isa = PBXGroup;
			children = (
				32DBCF5E0370ADEE00C91783 /* Proj4_Prefix.pch */,
			);
			name = "Other Sources";
			sourceTree = "<group>";
		};
/* End PBXGroup section */

/* Begin PBXHeadersBuildPhase section */
		D2AAC07A0554694100DB518D /* Headers */ = {
			isa = PBXHeadersBuildPhase;
			buildActionMask = 2147483647;
			files = (
				D9C3F4211782346E00BABC9A /* emess.h in Headers */,
				D9C3F4241782346E00BABC9A /* geocent.h in Headers */,
				D9C3F4291782346E00BABC9A /* geodesic.h in Headers */,
				D9C3F4311782346E00BABC9A /* org_proj4_Projections.h in Headers */,
				D9C3F4761782346E00BABC9A /* pj_list.h in Headers */,
				D9C3F4B71782346E00BABC9A /* proj_api.h in Headers */,
				D9C3F4BC1782346E00BABC9A /* projects.h in Headers */,
				D9C3F4C0178234F000BABC9A /* proj_config.h in Headers */,
			);
			runOnlyForDeploymentPostprocessing = 0;
		};
/* End PBXHeadersBuildPhase section */

/* Begin PBXNativeTarget section */
		D2AAC07D0554694100DB518D /* Proj4 */ = {
			isa = PBXNativeTarget;
			buildConfigurationList = 1DEB921E08733DC00010E9CD /* Build configuration list for PBXNativeTarget "Proj4" */;
			buildPhases = (
				D2AAC07A0554694100DB518D /* Headers */,
				D2AAC07B0554694100DB518D /* Sources */,
				D2AAC07C0554694100DB518D /* Frameworks */,
			);
			buildRules = (
			);
			dependencies = (
			);
			name = Proj4;
			productName = Proj4;
			productReference = D2AAC07E0554694100DB518D /* libProj4.a */;
			productType = "com.apple.product-type.library.static";
		};
/* End PBXNativeTarget section */

/* Begin PBXProject section */
		0867D690FE84028FC02AAC07 /* Project object */ = {
			isa = PBXProject;
			attributes = {
				LastUpgradeCheck = 0510;
			};
			buildConfigurationList = 1DEB922208733DC00010E9CD /* Build configuration list for PBXProject "Proj4" */;
			compatibilityVersion = "Xcode 3.2";
			developmentRegion = English;
			hasScannedForEncodings = 1;
			knownRegions = (
				English,
				Japanese,
				French,
				German,
			);
			mainGroup = 0867D691FE84028FC02AAC07 /* Proj4 */;
			productRefGroup = 034768DFFF38A50411DB9C8B /* Products */;
			projectDirPath = "";
			projectRoot = "";
			targets = (
				D2AAC07D0554694100DB518D /* Proj4 */,
			);
		};
/* End PBXProject section */

/* Begin PBXSourcesBuildPhase section */
		D2AAC07B0554694100DB518D /* Sources */ = {
			isa = PBXSourcesBuildPhase;
			buildActionMask = 2147483647;
			files = (
				D9C3F4191782346E00BABC9A /* aasincos.c in Sources */,
				D9C3F41A1782346E00BABC9A /* adjlon.c in Sources */,
				D9C3F41B1782346E00BABC9A /* bch2bps.c in Sources */,
				D9C3F41C1782346E00BABC9A /* bchgen.c in Sources */,
				D9C3F41D1782346E00BABC9A /* biveval.c in Sources */,
				D9C3F41F1782346E00BABC9A /* dmstor.c in Sources */,
				D9C3F4201782346E00BABC9A /* emess.c in Sources */,
				D9C3F4221782346E00BABC9A /* gen_cheb.c in Sources */,
				D9C3F4231782346E00BABC9A /* geocent.c in Sources */,
				D9C3F4251782346E00BABC9A /* geod_for.c in Sources */,
				D9C3F4261782346E00BABC9A /* geod_inv.c in Sources */,
				D9C3F4271782346E00BABC9A /* geod_set.c in Sources */,
				D9C3F42A1782346E00BABC9A /* jniproj.c in Sources */,
				D9C3F42B1782346E00BABC9A /* mk_cheby.c in Sources */,
				D9C3F42D1782346E00BABC9A /* nad_cvt.c in Sources */,
				D9C3F42E1782346E00BABC9A /* nad_init.c in Sources */,
				D9C3F42F1782346E00BABC9A /* nad_intr.c in Sources */,
				D9C3F4321782346E00BABC9A /* p_series.c in Sources */,
				D9C3F4331782346E00BABC9A /* PJ_aea.c in Sources */,
				D9C3F4341782346E00BABC9A /* PJ_aeqd.c in Sources */,
				D9C3F4351782346E00BABC9A /* PJ_airy.c in Sources */,
				D9C3F4361782346E00BABC9A /* PJ_aitoff.c in Sources */,
				D9C3F4371782346E00BABC9A /* pj_apply_gridshift.c in Sources */,
				D9C3F4381782346E00BABC9A /* pj_apply_vgridshift.c in Sources */,
				D9C3F4391782346E00BABC9A /* PJ_august.c in Sources */,
				D9C3F43A1782346E00BABC9A /* pj_auth.c in Sources */,
				D9C3F43B1782346E00BABC9A /* PJ_bacon.c in Sources */,
				D9C3F43C1782346E00BABC9A /* PJ_bipc.c in Sources */,
				D9C3F43D1782346E00BABC9A /* PJ_boggs.c in Sources */,
				D9C3F43E1782346E00BABC9A /* PJ_bonne.c in Sources */,
				D9C3F43F1782346E00BABC9A /* PJ_cass.c in Sources */,
				D9C3F4401782346E00BABC9A /* PJ_cc.c in Sources */,
				D9C3F4411782346E00BABC9A /* PJ_cea.c in Sources */,
				D9C3F4421782346E00BABC9A /* PJ_chamb.c in Sources */,
				D9C3F4431782346E00BABC9A /* PJ_collg.c in Sources */,
				D9C3F4441782346E00BABC9A /* PJ_crast.c in Sources */,
				D9C3F4451782346E00BABC9A /* pj_ctx.c in Sources */,
				D9C3F4461782346E00BABC9A /* pj_datum_set.c in Sources */,
				D9C3F4471782346E00BABC9A /* pj_datums.c in Sources */,
				D9C3F4481782346E00BABC9A /* PJ_denoy.c in Sources */,
				D9C3F4491782346E00BABC9A /* pj_deriv.c in Sources */,
				D9C3F44A1782346E00BABC9A /* PJ_eck1.c in Sources */,
				D9C3F44B1782346E00BABC9A /* PJ_eck2.c in Sources */,
				D9C3F44C1782346E00BABC9A /* PJ_eck3.c in Sources */,
				D9C3F44D1782346E00BABC9A /* PJ_eck4.c in Sources */,
				D9C3F44E1782346E00BABC9A /* PJ_eck5.c in Sources */,
				D9C3F44F1782346E00BABC9A /* pj_ell_set.c in Sources */,
				D9C3F4501782346E00BABC9A /* pj_ellps.c in Sources */,
				D9C3F4511782346E00BABC9A /* PJ_eqc.c in Sources */,
				D9C3F4521782346E00BABC9A /* PJ_eqdc.c in Sources */,
				D9C3F4531782346E00BABC9A /* pj_errno.c in Sources */,
				D9C3F4541782346E00BABC9A /* pj_factors.c in Sources */,
				D9C3F4551782346E00BABC9A /* PJ_fahey.c in Sources */,
				D9C3F4561782346E00BABC9A /* PJ_fouc_s.c in Sources */,
				D9C3F4571782346E00BABC9A /* pj_fwd.c in Sources */,
				D9C3F4581782346E00BABC9A /* PJ_gall.c in Sources */,
				D9C3F4591782346E00BABC9A /* pj_gauss.c in Sources */,
				D9C3F45A1782346E00BABC9A /* pj_geocent.c in Sources */,
				D9C3F45B1782346E00BABC9A /* PJ_geos.c in Sources */,
				D9C3F45C1782346E00BABC9A /* PJ_gins8.c in Sources */,
				D9C3F45D1782346E00BABC9A /* PJ_gn_sinu.c in Sources */,
				D9C3F45E1782346E00BABC9A /* PJ_gnom.c in Sources */,
				D9C3F45F1782346E00BABC9A /* PJ_goode.c in Sources */,
				D9C3F4601782346E00BABC9A /* pj_gridinfo.c in Sources */,
				D9C3F4611782346E00BABC9A /* pj_gridlist.c in Sources */,
				D9C3F4621782346E00BABC9A /* PJ_gstmerc.c in Sources */,
				D9C3F4631782346E00BABC9A /* PJ_hammer.c in Sources */,
				D9C3F4641782346E00BABC9A /* PJ_hatano.c in Sources */,
				D9C3F4651782346E00BABC9A /* PJ_healpix.c in Sources */,
				D9C3F4661782346E00BABC9A /* PJ_igh.c in Sources */,
				D9C3F4671782346E00BABC9A /* PJ_imw_p.c in Sources */,
				D9C3F4681782346E00BABC9A /* pj_init.c in Sources */,
				D9C3F4691782346E00BABC9A /* pj_initcache.c in Sources */,
				D9C3F46A1782346E00BABC9A /* pj_inv.c in Sources */,
				D9C3F46B1782346E00BABC9A /* PJ_isea.c in Sources */,
				D9C3F46C1782346E00BABC9A /* PJ_krovak.c in Sources */,
				D9C3F46D1782346E00BABC9A /* PJ_labrd.c in Sources */,
				D9C3F46E1782346E00BABC9A /* PJ_laea.c in Sources */,
				D9C3F46F1782346E00BABC9A /* PJ_lagrng.c in Sources */,
				D9C3F4701782346E00BABC9A /* PJ_larr.c in Sources */,
				D9C3F4711782346E00BABC9A /* PJ_lask.c in Sources */,
				D9C3F4721782346E00BABC9A /* pj_latlong.c in Sources */,
				D9C3F4731782346E00BABC9A /* PJ_lcc.c in Sources */,
				D9C3F4741782346E00BABC9A /* PJ_lcca.c in Sources */,
				D9C3F4751782346E00BABC9A /* pj_list.c in Sources */,
				D9C3F4771782346E00BABC9A /* pj_log.c in Sources */,
				D9C3F4781782346E00BABC9A /* PJ_loxim.c in Sources */,
				D9C3F4791782346E00BABC9A /* PJ_lsat.c in Sources */,
				D9C3F47A1782346E00BABC9A /* pj_malloc.c in Sources */,
				D9C3F47B1782346E00BABC9A /* PJ_mbt_fps.c in Sources */,
				D9C3F47C1782346E00BABC9A /* PJ_mbtfpp.c in Sources */,
				D9C3F47D1782346E00BABC9A /* PJ_mbtfpq.c in Sources */,
				D9C3F47E1782346E00BABC9A /* PJ_merc.c in Sources */,
				D9C3F47F1782346E00BABC9A /* PJ_mill.c in Sources */,
				D9C3F4801782346E00BABC9A /* pj_mlfn.c in Sources */,
				D9C3F4811782346E00BABC9A /* PJ_mod_ster.c in Sources */,
				D9C3F4821782346E00BABC9A /* PJ_moll.c in Sources */,
				D9C3F4831782346E00BABC9A /* pj_msfn.c in Sources */,
				D9C3F4841782346E00BABC9A /* pj_mutex.c in Sources */,
				D9C3F4851782346E00BABC9A /* PJ_natearth.c in Sources */,
				D9C3F4861782346E00BABC9A /* PJ_nell_h.c in Sources */,
				D9C3F4871782346E00BABC9A /* PJ_nell.c in Sources */,
				D9C3F4881782346E00BABC9A /* PJ_nocol.c in Sources */,
				D9C3F4891782346E00BABC9A /* PJ_nsper.c in Sources */,
				D9C3F48A1782346E00BABC9A /* PJ_nzmg.c in Sources */,
				D9C3F48B1782346E00BABC9A /* PJ_ob_tran.c in Sources */,
				D9C3F48C1782346E00BABC9A /* PJ_ocea.c in Sources */,
				D9C3F48D1782346E00BABC9A /* PJ_oea.c in Sources */,
				D9C3F48E1782346E00BABC9A /* PJ_omerc.c in Sources */,
				D9C3F48F1782346E00BABC9A /* pj_open_lib.c in Sources */,
				D9C3F4901782346E00BABC9A /* PJ_ortho.c in Sources */,
				D9C3F4911782346E00BABC9A /* pj_param.c in Sources */,
				D9C3F4921782346E00BABC9A /* pj_phi2.c in Sources */,
				D9C3F4931782346E00BABC9A /* PJ_poly.c in Sources */,
				D9C3F4941782346E00BABC9A /* pj_pr_list.c in Sources */,
				D9C3F4951782346E00BABC9A /* PJ_putp2.c in Sources */,
				D9C3F4961782346E00BABC9A /* PJ_putp3.c in Sources */,
				D9C3F4971782346E00BABC9A /* PJ_putp4p.c in Sources */,
				D9C3F4981782346E00BABC9A /* PJ_putp5.c in Sources */,
				D9C3F4991782346E00BABC9A /* PJ_putp6.c in Sources */,
				D9C3F49A1782346E00BABC9A /* pj_qsfn.c in Sources */,
				D9C3F49B1782346E00BABC9A /* pj_release.c in Sources */,
				D9C3F49C1782346E00BABC9A /* PJ_robin.c in Sources */,
				D9C3F49D1782346E00BABC9A /* PJ_rpoly.c in Sources */,
				D9C3F49E1782346E00BABC9A /* PJ_sconics.c in Sources */,
				D9C3F49F1782346E00BABC9A /* PJ_somerc.c in Sources */,
				D9C3F4A01782346E00BABC9A /* PJ_stere.c in Sources */,
				D9C3F4A11782346E00BABC9A /* PJ_sterea.c in Sources */,
				D9C3F4A21782346E00BABC9A /* pj_strerrno.c in Sources */,
				D9C3F4A31782346E00BABC9A /* PJ_sts.c in Sources */,
				D9C3F4A41782346E00BABC9A /* PJ_tcc.c in Sources */,
				D9C3F4A51782346E00BABC9A /* PJ_tcea.c in Sources */,
				D9C3F4A61782346E00BABC9A /* PJ_tmerc.c in Sources */,
				D9C3F4A71782346E00BABC9A /* PJ_tpeqd.c in Sources */,
				D9C3F4A81782346E00BABC9A /* pj_transform.c in Sources */,
				D9C3F4A91782346E00BABC9A /* pj_tsfn.c in Sources */,
				D9C3F4AA1782346E00BABC9A /* pj_units.c in Sources */,
				D9C3F4AB1782346E00BABC9A /* PJ_urm5.c in Sources */,
				D9C3F4AC1782346E00BABC9A /* PJ_urmfps.c in Sources */,
				D9C3F4AD1782346E00BABC9A /* pj_utils.c in Sources */,
				D9C3F4AE1782346E00BABC9A /* PJ_vandg.c in Sources */,
				D9C3F4AF1782346E00BABC9A /* PJ_vandg2.c in Sources */,
				D9C3F4B01782346E00BABC9A /* PJ_vandg4.c in Sources */,
				D9C3F4B11782346E00BABC9A /* PJ_wag2.c in Sources */,
				D9C3F4B21782346E00BABC9A /* PJ_wag3.c in Sources */,
				D9C3F4B31782346E00BABC9A /* PJ_wag7.c in Sources */,
				D9C3F4B41782346E00BABC9A /* PJ_wink1.c in Sources */,
				D9C3F4B51782346E00BABC9A /* PJ_wink2.c in Sources */,
				D9C3F4B61782346E00BABC9A /* pj_zpoly1.c in Sources */,
				D9C3F4B81782346E00BABC9A /* proj_etmerc.c in Sources */,
				D9C3F4B91782346E00BABC9A /* proj_mdist.c in Sources */,
				D9C3F4BA1782346E00BABC9A /* proj_rouss.c in Sources */,
				D9C3F4BD1782346E00BABC9A /* rtodms.c in Sources */,
				D9C3F4BE1782346E00BABC9A /* vector1.c in Sources */,
			);
			runOnlyForDeploymentPostprocessing = 0;
		};
/* End PBXSourcesBuildPhase section */

/* Begin XCBuildConfiguration section */
		1DEB921F08733DC00010E9CD /* Debug */ = {
			isa = XCBuildConfiguration;
			buildSettings = {
				ALWAYS_SEARCH_USER_PATHS = NO;
				COPY_PHASE_STRIP = NO;
				GCC_DYNAMIC_NO_PIC = NO;
				GCC_MODEL_TUNING = G5;
				GCC_OPTIMIZATION_LEVEL = 0;
				GCC_PRECOMPILE_PREFIX_HEADER = YES;
				GCC_PREFIX_HEADER = Proj4_Prefix.pch;
				GCC_THUMB_SUPPORT = NO;
				GCC_WARN_UNUSED_VARIABLE = NO;
				IPHONEOS_DEPLOYMENT_TARGET = 5.1.1;
				PRODUCT_NAME = Proj4;
			};
			name = Debug;
		};
		1DEB922008733DC00010E9CD /* Release */ = {
			isa = XCBuildConfiguration;
			buildSettings = {
				ALWAYS_SEARCH_USER_PATHS = NO;
				GCC_MODEL_TUNING = G5;
				GCC_PRECOMPILE_PREFIX_HEADER = YES;
				GCC_PREFIX_HEADER = Proj4_Prefix.pch;
				GCC_THUMB_SUPPORT = NO;
				GCC_WARN_UNUSED_VARIABLE = NO;
				IPHONEOS_DEPLOYMENT_TARGET = 5.1.1;
				PRODUCT_NAME = Proj4;
				STRIP_INSTALLED_PRODUCT = YES;
			};
			name = Release;
		};
		1DEB922308733DC00010E9CD /* Debug */ = {
			isa = XCBuildConfiguration;
			buildSettings = {
				COPY_PHASE_STRIP = NO;
				DEPLOYMENT_POSTPROCESSING = YES;
				GCC_C_LANGUAGE_STANDARD = c99;
				GCC_FAST_MATH = YES;
				GCC_OPTIMIZATION_LEVEL = 0;
				GCC_STRICT_ALIASING = YES;
				GCC_THUMB_SUPPORT = NO;
				GCC_WARN_ABOUT_MISSING_PROTOTYPES = NO;
				GCC_WARN_ABOUT_RETURN_TYPE = YES;
				GCC_WARN_TYPECHECK_CALLS_TO_PRINTF = NO;
				GCC_WARN_UNUSED_VARIABLE = YES;
				IPHONEOS_DEPLOYMENT_TARGET = 5.1.1;
				SDKROOT = iphoneos;
				SEPARATE_STRIP = YES;
				SKIP_INSTALL = YES;
				STRIP_INSTALLED_PRODUCT = YES;
			};
			name = Debug;
		};
		1DEB922408733DC00010E9CD /* Release */ = {
			isa = XCBuildConfiguration;
			buildSettings = {
				COPY_PHASE_STRIP = NO;
				DEPLOYMENT_POSTPROCESSING = YES;
				GCC_C_LANGUAGE_STANDARD = c99;
				GCC_FAST_MATH = YES;
				GCC_STRICT_ALIASING = YES;
				GCC_THUMB_SUPPORT = NO;
				GCC_WARN_ABOUT_MISSING_PROTOTYPES = NO;
				GCC_WARN_ABOUT_RETURN_TYPE = YES;
				GCC_WARN_TYPECHECK_CALLS_TO_PRINTF = NO;
				GCC_WARN_UNUSED_VARIABLE = YES;
				IPHONEOS_DEPLOYMENT_TARGET = 5.1.1;
				SDKROOT = iphoneos;
				SEPARATE_STRIP = YES;
				SKIP_INSTALL = YES;
				STRIP_INSTALLED_PRODUCT = YES;
			};
			name = Release;
		};
/* End XCBuildConfiguration section */

/* Begin XCConfigurationList section */
		1DEB921E08733DC00010E9CD /* Build configuration list for PBXNativeTarget "Proj4" */ = {
			isa = XCConfigurationList;
			buildConfigurations = (
				1DEB921F08733DC00010E9CD /* Debug */,
				1DEB922008733DC00010E9CD /* Release */,
			);
			defaultConfigurationIsVisible = 0;
			defaultConfigurationName = Release;
		};
		1DEB922208733DC00010E9CD /* Build configuration list for PBXProject "Proj4" */ = {
			isa = XCConfigurationList;
			buildConfigurations = (
				1DEB922308733DC00010E9CD /* Debug */,
				1DEB922408733DC00010E9CD /* Release */,
			);
			defaultConfigurationIsVisible = 0;
			defaultConfigurationName = Release;
		};
/* End XCConfigurationList section */
	};
	rootObject = 0867D690FE84028FC02AAC07 /* Project object */;
}
